
Microsoft Visual Studio Solution File, Format Version 10.00
# Visual Studio 2008
Project("{8BC9CEB8-8B4A-11D0-8D11-00A0C91BC942}") = "Framework", "Framework.vcproj", "{E3CCDBB1-FB55-4416-BE80-FAB313BE549C}"
EndProject
Project("{8BC9CEB8-8B4A-11D0-8D11-00A0C91BC942}") = "FrameworkOpenGl", "FrameworkOpenGl.vcproj", "{5616C3F7-5DC5-4762-BC6E-2170E96F13FB}"
EndProject
Project("{8BC9CEB8-8B4A-11D0-8D11-00A0C91BC942}") = "FrameworkMySql", "FrameworkMySql.vcproj", "{D2299E25-38FF-4976-946D-5D30EB50DFD3}"
EndProject
Global
	GlobalSection(SolutionConfigurationPlatforms) = preSolution
		Debug|Win32 = Debug|Win32
		Release|Win32 = Release|Win32
	EndGlobalSection
	GlobalSection(ProjectConfigurationPlatforms) = postSolution
		{E3CCDBB1-FB55-4416-BE80-FAB313BE549C}.Debug|Win32.ActiveCfg = Debug|Win32
		{E3CCDBB1-FB55-4416-BE80-FAB313BE549C}.Debug|Win32.Build.0 = Debug|Win32
		{E3CCDBB1-FB55-4416-BE80-FAB313BE549C}.Release|Win32.ActiveCfg = Release|Win32
		{E3CCDBB1-FB55-4416-BE80-FAB313BE549C}.Release|Win32.Build.0 = Release|Win32
		{5616C3F7-5DC5-4762-BC6E-2170E96F13FB}.Debug|Win32.ActiveCfg = Debug|Win32
		{5616C3F7-5DC5-4762-BC6E-2170E96F13FB}.Debug|Win32.Build.0 = Debug|Win32
		{5616C3F7-5DC5-4762-BC6E-2170E96F13FB}.Release|Win32.ActiveCfg = Release|Win32
		{5616C3F7-5DC5-4762-BC6E-2170E96F13FB}.Release|Win32.Build.0 = Release|Win32
		{D2299E25-38FF-4976-946D-5D30EB50DFD3}.Debug|Win32.ActiveCfg = Debug|Win32
		{D2299E25-38FF-4976-946D-5D30EB50DFD3}.Debug|Win32.Build.0 = Debug|Win32
		{D2299E25-38FF-4976-946D-5D30EB50DFD3}.Release|Win32.ActiveCfg = Release|Win32
		{D2299E25-38FF-4976-946D-5D30EB50DFD3}.Release|Win32.Build.0 = Release|Win32
	EndGlobalSection
	GlobalSection(SolutionProperties) = preSolution
		HideSolutionNode = FALSE
	EndGlobalSection
EndGlobal
