// !$*UTF8*$!
{
	archiveVersion = 1;
	classes = {
	};
	objectVersion = 46;
	objects = {

/* Begin PBXBuildFile section */
		701A48D8169BE4F500B5C1FF /* Base64.cpp in Sources */ = {isa = PBXBuildFile; fileRef = 701A48D7169BE4F500B5C1FF /* Base64.cpp */; };
		701A48DB169BE4FC00B5C1FF /* Base64.h in Headers */ = {isa = PBXBuildFile; fileRef = 701A48DA169BE4FC00B5C1FF /* Base64.h */; };
		701A48F416AD196200B5C1FF /* PathUtils.cpp in Sources */ = {isa = PBXBuildFile; fileRef = 701A48F316AD196200B5C1FF /* PathUtils.cpp */; };
		701A48F716AD197600B5C1FF /* PathUtils.h in Headers */ = {isa = PBXBuildFile; fileRef = 701A48F616AD197600B5C1FF /* PathUtils.h */; };
		70271AAC18D4E3AC00777C53 /* Bitmap.cpp in Sources */ = {isa = PBXBuildFile; fileRef = 70271AA718D4E3AC00777C53 /* Bitmap.cpp */; };
		70271AAD18D4E3AC00777C53 /* BMP.cpp in Sources */ = {isa = PBXBuildFile; fileRef = 70271AA818D4E3AC00777C53 /* BMP.cpp */; };
		70271AAE18D4E3AC00777C53 /* JPEG.cpp in Sources */ = {isa = PBXBuildFile; fileRef = 70271AA918D4E3AC00777C53 /* JPEG.cpp */; };
		70271AAF18D4E3AC00777C53 /* PNG.cpp in Sources */ = {isa = PBXBuildFile; fileRef = 70271AAA18D4E3AC00777C53 /* PNG.cpp */; };
		70271AB018D4E3AC00777C53 /* TGA.cpp in Sources */ = {isa = PBXBuildFile; fileRef = 70271AAB18D4E3AC00777C53 /* TGA.cpp */; };
		70271AB618D4E3B500777C53 /* Bitmap.h in Headers */ = {isa = PBXBuildFile; fileRef = 70271AB118D4E3B500777C53 /* Bitmap.h */; };
		70271AB718D4E3B500777C53 /* BMP.h in Headers */ = {isa = PBXBuildFile; fileRef = 70271AB218D4E3B500777C53 /* BMP.h */; };
		70271AB818D4E3B500777C53 /* JPEG.h in Headers */ = {isa = PBXBuildFile; fileRef = 70271AB318D4E3B500777C53 /* JPEG.h */; };
		70271AB918D4E3B500777C53 /* PNG.h in Headers */ = {isa = PBXBuildFile; fileRef = 70271AB418D4E3B500777C53 /* PNG.h */; };
		70271ABA18D4E3B500777C53 /* TGA.h in Headers */ = {isa = PBXBuildFile; fileRef = 70271AB518D4E3B500777C53 /* TGA.h */; };
		70271ABC18D4E3D900777C53 /* BitStream.cpp in Sources */ = {isa = PBXBuildFile; fileRef = 70271ABB18D4E3D900777C53 /* BitStream.cpp */; };
		70271ABE18D4E3E200777C53 /* BitStream.h in Headers */ = {isa = PBXBuildFile; fileRef = 70271ABD18D4E3E200777C53 /* BitStream.h */; };
		70271AC218D4E41200777C53 /* IEEE1180.cpp in Sources */ = {isa = PBXBuildFile; fileRef = 70271AC018D4E41200777C53 /* IEEE1180.cpp */; };
		70271AC318D4E41200777C53 /* TrivialC.cpp in Sources */ = {isa = PBXBuildFile; fileRef = 70271AC118D4E41200777C53 /* TrivialC.cpp */; };
		70271AC718D4E41F00777C53 /* IEEE1180.h in Headers */ = {isa = PBXBuildFile; fileRef = 70271AC418D4E41F00777C53 /* IEEE1180.h */; };
		70271AC818D4E41F00777C53 /* Interface.h in Headers */ = {isa = PBXBuildFile; fileRef = 70271AC518D4E41F00777C53 /* Interface.h */; };
		70271AC918D4E41F00777C53 /* TrivialC.h in Headers */ = {isa = PBXBuildFile; fileRef = 70271AC618D4E41F00777C53 /* TrivialC.h */; };
		70271ACB18D4E44F00777C53 /* StreamBitStream.cpp in Sources */ = {isa = PBXBuildFile; fileRef = 70271ACA18D4E44F00777C53 /* StreamBitStream.cpp */; };
		70271ACD18D4E45900777C53 /* StreamBitStream.h in Headers */ = {isa = PBXBuildFile; fileRef = 70271ACC18D4E45900777C53 /* StreamBitStream.h */; };
		70271ACF18D4E47000777C53 /* Endian.cpp in Sources */ = {isa = PBXBuildFile; fileRef = 70271ACE18D4E47000777C53 /* Endian.cpp */; };
		70271AD118D4E47900777C53 /* Endian.h in Headers */ = {isa = PBXBuildFile; fileRef = 70271AD018D4E47900777C53 /* Endian.h */; };
		704E1C3C1B391D9C00C0ACE3 /* Program.cpp in Sources */ = {isa = PBXBuildFile; fileRef = 704E1C3A1B391D9C00C0ACE3 /* Program.cpp */; };
		704E1C3D1B391D9C00C0ACE3 /* Shader.cpp in Sources */ = {isa = PBXBuildFile; fileRef = 704E1C3B1B391D9C00C0ACE3 /* Shader.cpp */; };
		7054CA261B99B0AD0029E3A3 /* StdStreamUtils.cpp in Sources */ = {isa = PBXBuildFile; fileRef = 7054CA251B99B0AD0029E3A3 /* StdStreamUtils.cpp */; };
		70834CB41B1BD7B100E8D5C6 /* CodedBlockPatternTable.cpp in Sources */ = {isa = PBXBuildFile; fileRef = 70834CA61B1BD7B100E8D5C6 /* CodedBlockPatternTable.cpp */; };
		70834CB51B1BD7B100E8D5C6 /* DcSizeChrominanceTable.cpp in Sources */ = {isa = PBXBuildFile; fileRef = 70834CA71B1BD7B100E8D5C6 /* DcSizeChrominanceTable.cpp */; };
		70834CB61B1BD7B100E8D5C6 /* DcSizeLuminanceTable.cpp in Sources */ = {isa = PBXBuildFile; fileRef = 70834CA81B1BD7B100E8D5C6 /* DcSizeLuminanceTable.cpp */; };
		70834CB71B1BD7B100E8D5C6 /* DctCoefficientTable.cpp in Sources */ = {isa = PBXBuildFile; fileRef = 70834CA91B1BD7B100E8D5C6 /* DctCoefficientTable.cpp */; };
		70834CB81B1BD7B100E8D5C6 /* DctCoefficientTable0.cpp in Sources */ = {isa = PBXBuildFile; fileRef = 70834CAA1B1BD7B100E8D5C6 /* DctCoefficientTable0.cpp */; };
		70834CB91B1BD7B100E8D5C6 /* DctCoefficientTable1.cpp in Sources */ = {isa = PBXBuildFile; fileRef = 70834CAB1B1BD7B100E8D5C6 /* DctCoefficientTable1.cpp */; };
		70834CBA1B1BD7B100E8D5C6 /* InverseScanTable.cpp in Sources */ = {isa = PBXBuildFile; fileRef = 70834CAC1B1BD7B100E8D5C6 /* InverseScanTable.cpp */; };
		70834CBB1B1BD7B100E8D5C6 /* MacroblockAddressIncrementTable.cpp in Sources */ = {isa = PBXBuildFile; fileRef = 70834CAD1B1BD7B100E8D5C6 /* MacroblockAddressIncrementTable.cpp */; };
		70834CBC1B1BD7B100E8D5C6 /* MacroblockTypeBTable.cpp in Sources */ = {isa = PBXBuildFile; fileRef = 70834CAE1B1BD7B100E8D5C6 /* MacroblockTypeBTable.cpp */; };
		70834CBD1B1BD7B100E8D5C6 /* MacroblockTypeITable.cpp in Sources */ = {isa = PBXBuildFile; fileRef = 70834CAF1B1BD7B100E8D5C6 /* MacroblockTypeITable.cpp */; };
		70834CBE1B1BD7B100E8D5C6 /* MacroblockTypePTable.cpp in Sources */ = {isa = PBXBuildFile; fileRef = 70834CB01B1BD7B100E8D5C6 /* MacroblockTypePTable.cpp */; };
		70834CBF1B1BD7B100E8D5C6 /* MotionCodeTable.cpp in Sources */ = {isa = PBXBuildFile; fileRef = 70834CB11B1BD7B100E8D5C6 /* MotionCodeTable.cpp */; };
		70834CC01B1BD7B100E8D5C6 /* QuantiserScaleTable.cpp in Sources */ = {isa = PBXBuildFile; fileRef = 70834CB21B1BD7B100E8D5C6 /* QuantiserScaleTable.cpp */; };
		70834CC11B1BD7B100E8D5C6 /* VLCTable.cpp in Sources */ = {isa = PBXBuildFile; fileRef = 70834CB31B1BD7B100E8D5C6 /* VLCTable.cpp */; };
		70834CD01B1BD7BF00E8D5C6 /* CodedBlockPatternTable.h in Headers */ = {isa = PBXBuildFile; fileRef = 70834CC21B1BD7BF00E8D5C6 /* CodedBlockPatternTable.h */; };
		70834CD11B1BD7BF00E8D5C6 /* DcSizeChrominanceTable.h in Headers */ = {isa = PBXBuildFile; fileRef = 70834CC31B1BD7BF00E8D5C6 /* DcSizeChrominanceTable.h */; };
		70834CD21B1BD7BF00E8D5C6 /* DcSizeLuminanceTable.h in Headers */ = {isa = PBXBuildFile; fileRef = 70834CC41B1BD7BF00E8D5C6 /* DcSizeLuminanceTable.h */; };
		70834CD31B1BD7BF00E8D5C6 /* DctCoefficientTable.h in Headers */ = {isa = PBXBuildFile; fileRef = 70834CC51B1BD7BF00E8D5C6 /* DctCoefficientTable.h */; };
		70834CD41B1BD7BF00E8D5C6 /* DctCoefficientTable0.h in Headers */ = {isa = PBXBuildFile; fileRef = 70834CC61B1BD7BF00E8D5C6 /* DctCoefficientTable0.h */; };
		70834CD51B1BD7BF00E8D5C6 /* DctCoefficientTable1.h in Headers */ = {isa = PBXBuildFile; fileRef = 70834CC71B1BD7BF00E8D5C6 /* DctCoefficientTable1.h */; };
		70834CD61B1BD7BF00E8D5C6 /* InverseScanTable.h in Headers */ = {isa = PBXBuildFile; fileRef = 70834CC81B1BD7BF00E8D5C6 /* InverseScanTable.h */; };
		70834CD71B1BD7BF00E8D5C6 /* MacroblockAddressIncrementTable.h in Headers */ = {isa = PBXBuildFile; fileRef = 70834CC91B1BD7BF00E8D5C6 /* MacroblockAddressIncrementTable.h */; };
		70834CD81B1BD7BF00E8D5C6 /* MacroblockTypeBTable.h in Headers */ = {isa = PBXBuildFile; fileRef = 70834CCA1B1BD7BF00E8D5C6 /* MacroblockTypeBTable.h */; };
		70834CD91B1BD7BF00E8D5C6 /* MacroblockTypeITable.h in Headers */ = {isa = PBXBuildFile; fileRef = 70834CCB1B1BD7BF00E8D5C6 /* MacroblockTypeITable.h */; };
		70834CDA1B1BD7BF00E8D5C6 /* MacroblockTypePTable.h in Headers */ = {isa = PBXBuildFile; fileRef = 70834CCC1B1BD7BF00E8D5C6 /* MacroblockTypePTable.h */; };
		70834CDB1B1BD7BF00E8D5C6 /* MotionCodeTable.h in Headers */ = {isa = PBXBuildFile; fileRef = 70834CCD1B1BD7BF00E8D5C6 /* MotionCodeTable.h */; };
		70834CDC1B1BD7BF00E8D5C6 /* QuantiserScaleTable.h in Headers */ = {isa = PBXBuildFile; fileRef = 70834CCE1B1BD7BF00E8D5C6 /* QuantiserScaleTable.h */; };
		70834CDD1B1BD7BF00E8D5C6 /* VLCTable.h in Headers */ = {isa = PBXBuildFile; fileRef = 70834CCF1B1BD7BF00E8D5C6 /* VLCTable.h */; };
		70AD236E1B38F81500137AA0 /* OpenGlDef.h in Headers */ = {isa = PBXBuildFile; fileRef = 70AD236A1B38F81500137AA0 /* OpenGlDef.h */; };
		70AD236F1B38F81500137AA0 /* Program.h in Headers */ = {isa = PBXBuildFile; fileRef = 70AD236B1B38F81500137AA0 /* Program.h */; };
		70AD23701B38F81500137AA0 /* Resource.h in Headers */ = {isa = PBXBuildFile; fileRef = 70AD236C1B38F81500137AA0 /* Resource.h */; };
		70AD23711B38F81500137AA0 /* Shader.h in Headers */ = {isa = PBXBuildFile; fileRef = 70AD236D1B38F81500137AA0 /* Shader.h */; };
		70AD23991B3919D700137AA0 /* LzAri.cpp in Sources */ = {isa = PBXBuildFile; fileRef = 70AD23981B3919D700137AA0 /* LzAri.cpp */; };
		70AD239B1B3919E300137AA0 /* LzAri.h in Headers */ = {isa = PBXBuildFile; fileRef = 70AD239A1B3919E300137AA0 /* LzAri.h */; };
		70C0EF8C1A59E55E00227442 /* MathStringUtils.cpp in Sources */ = {isa = PBXBuildFile; fileRef = 70C0EF8B1A59E55E00227442 /* MathStringUtils.cpp */; };
		70C0EF981A59E56C00227442 /* MathDef.h in Headers */ = {isa = PBXBuildFile; fileRef = 70C0EF8D1A59E56C00227442 /* MathDef.h */; };
		70C0EF991A59E56C00227442 /* MathOps.h in Headers */ = {isa = PBXBuildFile; fileRef = 70C0EF8E1A59E56C00227442 /* MathOps.h */; };
		70C0EF9A1A59E56C00227442 /* MathStringUtils.h in Headers */ = {isa = PBXBuildFile; fileRef = 70C0EF8F1A59E56C00227442 /* MathStringUtils.h */; };
		70C0EF9B1A59E56C00227442 /* Matrix4.h in Headers */ = {isa = PBXBuildFile; fileRef = 70C0EF901A59E56C00227442 /* Matrix4.h */; };
		70C0EF9C1A59E56C00227442 /* Plane.h in Headers */ = {isa = PBXBuildFile; fileRef = 70C0EF911A59E56C00227442 /* Plane.h */; };
		70C0EF9D1A59E56C00227442 /* Quaternion.h in Headers */ = {isa = PBXBuildFile; fileRef = 70C0EF921A59E56C00227442 /* Quaternion.h */; };
		70C0EF9E1A59E56C00227442 /* Ray.h in Headers */ = {isa = PBXBuildFile; fileRef = 70C0EF931A59E56C00227442 /* Ray.h */; };
		70C0EF9F1A59E56C00227442 /* Sphere.h in Headers */ = {isa = PBXBuildFile; fileRef = 70C0EF941A59E56C00227442 /* Sphere.h */; };
		70C0EFA01A59E56C00227442 /* Vector2.h in Headers */ = {isa = PBXBuildFile; fileRef = 70C0EF951A59E56C00227442 /* Vector2.h */; };
		70C0EFA11A59E56C00227442 /* Vector3.h in Headers */ = {isa = PBXBuildFile; fileRef = 70C0EF961A59E56C00227442 /* Vector3.h */; };
		70C0EFA21A59E56C00227442 /* Vector4.h in Headers */ = {isa = PBXBuildFile; fileRef = 70C0EF971A59E56C00227442 /* Vector4.h */; };
		7E1C41B81234236D00BB4E9C /* IosIStream.cpp in Sources */ = {isa = PBXBuildFile; fileRef = 7E1C41B31234236D00BB4E9C /* IosIStream.cpp */; };
		7E1C41B91234236D00BB4E9C /* IosOStream.cpp in Sources */ = {isa = PBXBuildFile; fileRef = 7E1C41B41234236D00BB4E9C /* IosOStream.cpp */; };
		7E1C41BA1234236D00BB4E9C /* string_cast_sjis.cpp in Sources */ = {isa = PBXBuildFile; fileRef = 7E1C41B51234236D00BB4E9C /* string_cast_sjis.cpp */; };
		7E1C41BB1234236D00BB4E9C /* string_cast.cpp in Sources */ = {isa = PBXBuildFile; fileRef = 7E1C41B61234236D00BB4E9C /* string_cast.cpp */; };
		7E1C41BC1234236D00BB4E9C /* Utf8.cpp in Sources */ = {isa = PBXBuildFile; fileRef = 7E1C41B71234236D00BB4E9C /* Utf8.cpp */; };
		7E1C41C31234238200BB4E9C /* IosIStream.h in Headers */ = {isa = PBXBuildFile; fileRef = 7E1C41BD1234238200BB4E9C /* IosIStream.h */; };
		7E1C41C41234238200BB4E9C /* IosOStream.h in Headers */ = {isa = PBXBuildFile; fileRef = 7E1C41BE1234238200BB4E9C /* IosOStream.h */; };
		7E1C41C51234238200BB4E9C /* string_cast_sjis.h in Headers */ = {isa = PBXBuildFile; fileRef = 7E1C41BF1234238200BB4E9C /* string_cast_sjis.h */; };
		7E1C41C61234238200BB4E9C /* string_cast_win1252.h in Headers */ = {isa = PBXBuildFile; fileRef = 7E1C41C01234238200BB4E9C /* string_cast_win1252.h */; };
		7E1C41C71234238200BB4E9C /* string_cast.h in Headers */ = {isa = PBXBuildFile; fileRef = 7E1C41C11234238200BB4E9C /* string_cast.h */; };
		7E1C41C81234238200BB4E9C /* Utf8.h in Headers */ = {isa = PBXBuildFile; fileRef = 7E1C41C21234238200BB4E9C /* Utf8.h */; };
		7E1C41E21234240C00BB4E9C /* string_cast_win1252.cpp in Sources */ = {isa = PBXBuildFile; fileRef = 7E1C41E11234240C00BB4E9C /* string_cast_win1252.cpp */; };
		7E2720B11213AEC200C0DEBF /* MemStream.cpp in Sources */ = {isa = PBXBuildFile; fileRef = 7E2720AD1213AEC200C0DEBF /* MemStream.cpp */; };
		7E2720B21213AEC200C0DEBF /* PtrStream.cpp in Sources */ = {isa = PBXBuildFile; fileRef = 7E2720AE1213AEC200C0DEBF /* PtrStream.cpp */; };
		7E2720B31213AEC200C0DEBF /* StdStream.cpp in Sources */ = {isa = PBXBuildFile; fileRef = 7E2720AF1213AEC200C0DEBF /* StdStream.cpp */; };
		7E2720B41213AEC200C0DEBF /* Stream.cpp in Sources */ = {isa = PBXBuildFile; fileRef = 7E2720B01213AEC200C0DEBF /* Stream.cpp */; };
		7E2720B91213AED800C0DEBF /* MemStream.h in Headers */ = {isa = PBXBuildFile; fileRef = 7E2720B51213AED800C0DEBF /* MemStream.h */; };
		7E2720BA1213AED800C0DEBF /* PtrStream.h in Headers */ = {isa = PBXBuildFile; fileRef = 7E2720B61213AED800C0DEBF /* PtrStream.h */; };
		7E2720BB1213AED800C0DEBF /* StdStream.h in Headers */ = {isa = PBXBuildFile; fileRef = 7E2720B71213AED800C0DEBF /* StdStream.h */; };
		7E2720BC1213AED800C0DEBF /* Stream.h in Headers */ = {isa = PBXBuildFile; fileRef = 7E2720B81213AED800C0DEBF /* Stream.h */; };
		7E2722381214F94D00C0DEBF /* FilteringNodeIterator.cpp in Sources */ = {isa = PBXBuildFile; fileRef = 7E2722331214F94D00C0DEBF /* FilteringNodeIterator.cpp */; };
		7E2722391214F94D00C0DEBF /* Node.cpp in Sources */ = {isa = PBXBuildFile; fileRef = 7E2722341214F94D00C0DEBF /* Node.cpp */; };
		7E27223A1214F94D00C0DEBF /* Parser.cpp in Sources */ = {isa = PBXBuildFile; fileRef = 7E2722351214F94D00C0DEBF /* Parser.cpp */; };
		7E27223B1214F94D00C0DEBF /* Utils.cpp in Sources */ = {isa = PBXBuildFile; fileRef = 7E2722361214F94D00C0DEBF /* Utils.cpp */; };
		7E27223C1214F94D00C0DEBF /* Writer.cpp in Sources */ = {isa = PBXBuildFile; fileRef = 7E2722371214F94D00C0DEBF /* Writer.cpp */; };
		7E2722421214F95800C0DEBF /* FilteringNodeIterator.h in Headers */ = {isa = PBXBuildFile; fileRef = 7E27223D1214F95800C0DEBF /* FilteringNodeIterator.h */; };
		7E2722431214F95800C0DEBF /* Node.h in Headers */ = {isa = PBXBuildFile; fileRef = 7E27223E1214F95800C0DEBF /* Node.h */; };
		7E2722441214F95800C0DEBF /* Parser.h in Headers */ = {isa = PBXBuildFile; fileRef = 7E27223F1214F95800C0DEBF /* Parser.h */; };
		7E2722451214F95800C0DEBF /* Utils.h in Headers */ = {isa = PBXBuildFile; fileRef = 7E2722401214F95800C0DEBF /* Utils.h */; };
		7E2722461214F95800C0DEBF /* Writer.h in Headers */ = {isa = PBXBuildFile; fileRef = 7E2722411214F95800C0DEBF /* Writer.h */; };
		7E2722581214F99500C0DEBF /* ZipArchiveReader.cpp in Sources */ = {isa = PBXBuildFile; fileRef = 7E2722521214F99400C0DEBF /* ZipArchiveReader.cpp */; };
		7E2722591214F99500C0DEBF /* ZipArchiveWriter.cpp in Sources */ = {isa = PBXBuildFile; fileRef = 7E2722531214F99500C0DEBF /* ZipArchiveWriter.cpp */; };
		7E27225A1214F99500C0DEBF /* ZipDeflateStream.cpp in Sources */ = {isa = PBXBuildFile; fileRef = 7E2722541214F99500C0DEBF /* ZipDeflateStream.cpp */; };
		7E27225B1214F99500C0DEBF /* ZipFile.cpp in Sources */ = {isa = PBXBuildFile; fileRef = 7E2722551214F99500C0DEBF /* ZipFile.cpp */; };
		7E27225C1214F99500C0DEBF /* ZipInflateStream.cpp in Sources */ = {isa = PBXBuildFile; fileRef = 7E2722561214F99500C0DEBF /* ZipInflateStream.cpp */; };
		7E27225D1214F99500C0DEBF /* ZipStoreStream.cpp in Sources */ = {isa = PBXBuildFile; fileRef = 7E2722571214F99500C0DEBF /* ZipStoreStream.cpp */; };
		7E2722671214F9AD00C0DEBF /* ZipArchiveReader.h in Headers */ = {isa = PBXBuildFile; fileRef = 7E2722601214F9AD00C0DEBF /* ZipArchiveReader.h */; };
		7E2722681214F9AD00C0DEBF /* ZipArchiveWriter.h in Headers */ = {isa = PBXBuildFile; fileRef = 7E2722611214F9AD00C0DEBF /* ZipArchiveWriter.h */; };
		7E2722691214F9AD00C0DEBF /* ZipDeflateStream.h in Headers */ = {isa = PBXBuildFile; fileRef = 7E2722621214F9AD00C0DEBF /* ZipDeflateStream.h */; };
		7E27226A1214F9AD00C0DEBF /* ZipDefs.h in Headers */ = {isa = PBXBuildFile; fileRef = 7E2722631214F9AD00C0DEBF /* ZipDefs.h */; };
		7E27226B1214F9AD00C0DEBF /* ZipFile.h in Headers */ = {isa = PBXBuildFile; fileRef = 7E2722641214F9AD00C0DEBF /* ZipFile.h */; };
		7E27226C1214F9AD00C0DEBF /* ZipInflateStream.h in Headers */ = {isa = PBXBuildFile; fileRef = 7E2722651214F9AD00C0DEBF /* ZipInflateStream.h */; };
		7E27226D1214F9AD00C0DEBF /* ZipStoreStream.h in Headers */ = {isa = PBXBuildFile; fileRef = 7E2722661214F9AD00C0DEBF /* ZipStoreStream.h */; };
		7E2722AB1214FAAA00C0DEBF /* Buffer.cpp in Sources */ = {isa = PBXBuildFile; fileRef = 7E2722A71214FAAA00C0DEBF /* Buffer.cpp */; };
		7E2722AC1214FAAA00C0DEBF /* Context.cpp in Sources */ = {isa = PBXBuildFile; fileRef = 7E2722A81214FAAA00C0DEBF /* Context.cpp */; };
		7E2722AD1214FAAA00C0DEBF /* Device.cpp in Sources */ = {isa = PBXBuildFile; fileRef = 7E2722A91214FAAA00C0DEBF /* Device.cpp */; };
		7E2722AE1214FAAA00C0DEBF /* Source.cpp in Sources */ = {isa = PBXBuildFile; fileRef = 7E2722AA1214FAAA00C0DEBF /* Source.cpp */; };
		7E2722B41214FAB700C0DEBF /* Buffer.h in Headers */ = {isa = PBXBuildFile; fileRef = 7E2722AF1214FAB700C0DEBF /* Buffer.h */; };
		7E2722B51214FAB700C0DEBF /* Context.h in Headers */ = {isa = PBXBuildFile; fileRef = 7E2722B01214FAB700C0DEBF /* Context.h */; };
		7E2722B61214FAB700C0DEBF /* Device.h in Headers */ = {isa = PBXBuildFile; fileRef = 7E2722B11214FAB700C0DEBF /* Device.h */; };
		7E2722B71214FAB700C0DEBF /* OpenAlDef.h in Headers */ = {isa = PBXBuildFile; fileRef = 7E2722B21214FAB700C0DEBF /* OpenAlDef.h */; };
		7E2722B81214FAB700C0DEBF /* Source.h in Headers */ = {isa = PBXBuildFile; fileRef = 7E2722B31214FAB700C0DEBF /* Source.h */; };
		7E2722BE1214FAD800C0DEBF /* Config.cpp in Sources */ = {isa = PBXBuildFile; fileRef = 7E2722BD1214FAD800C0DEBF /* Config.cpp */; };
		7E2722C01214FAE200C0DEBF /* Config.h in Headers */ = {isa = PBXBuildFile; fileRef = 7E2722BF1214FAE200C0DEBF /* Config.h */; };
		7E644986144F60CE006D589E /* FlatLayout.cpp in Sources */ = {isa = PBXBuildFile; fileRef = 7E64497E144F60CE006D589E /* FlatLayout.cpp */; };
		7E644987144F60CE006D589E /* GridLayout.cpp in Sources */ = {isa = PBXBuildFile; fileRef = 7E64497F144F60CE006D589E /* GridLayout.cpp */; };
		7E644988144F60CE006D589E /* HorizontalLayout.cpp in Sources */ = {isa = PBXBuildFile; fileRef = 7E644980144F60CE006D589E /* HorizontalLayout.cpp */; };
		7E644989144F60CE006D589E /* LayoutBase.cpp in Sources */ = {isa = PBXBuildFile; fileRef = 7E644981144F60CE006D589E /* LayoutBase.cpp */; };
		7E64498A144F60CE006D589E /* LayoutBaseItem.cpp in Sources */ = {isa = PBXBuildFile; fileRef = 7E644982144F60CE006D589E /* LayoutBaseItem.cpp */; };
		7E64498B144F60CE006D589E /* LayoutObject.cpp in Sources */ = {isa = PBXBuildFile; fileRef = 7E644983144F60CE006D589E /* LayoutObject.cpp */; };
		7E64498C144F60CE006D589E /* LayoutStretch.cpp in Sources */ = {isa = PBXBuildFile; fileRef = 7E644984144F60CE006D589E /* LayoutStretch.cpp */; };
		7E64498D144F60CE006D589E /* VerticalLayout.cpp in Sources */ = {isa = PBXBuildFile; fileRef = 7E644985144F60CE006D589E /* VerticalLayout.cpp */; };
		7E644997144F60D8006D589E /* FlatLayout.h in Headers */ = {isa = PBXBuildFile; fileRef = 7E64498E144F60D8006D589E /* FlatLayout.h */; };
		7E644998144F60D8006D589E /* GridLayout.h in Headers */ = {isa = PBXBuildFile; fileRef = 7E64498F144F60D8006D589E /* GridLayout.h */; };
		7E644999144F60D8006D589E /* HorizontalLayout.h in Headers */ = {isa = PBXBuildFile; fileRef = 7E644990144F60D8006D589E /* HorizontalLayout.h */; };
		7E64499A144F60D8006D589E /* LayoutBase.h in Headers */ = {isa = PBXBuildFile; fileRef = 7E644991144F60D8006D589E /* LayoutBase.h */; };
		7E64499B144F60D8006D589E /* LayoutBaseItem.h in Headers */ = {isa = PBXBuildFile; fileRef = 7E644992144F60D8006D589E /* LayoutBaseItem.h */; };
		7E64499C144F60D8006D589E /* LayoutEngine.h in Headers */ = {isa = PBXBuildFile; fileRef = 7E644993144F60D8006D589E /* LayoutEngine.h */; };
		7E64499D144F60D8006D589E /* LayoutObject.h in Headers */ = {isa = PBXBuildFile; fileRef = 7E644994144F60D8006D589E /* LayoutObject.h */; };
		7E64499E144F60D8006D589E /* LayoutStretch.h in Headers */ = {isa = PBXBuildFile; fileRef = 7E644995144F60D8006D589E /* LayoutStretch.h */; };
		7E64499F144F60D8006D589E /* VerticalLayout.h in Headers */ = {isa = PBXBuildFile; fileRef = 7E644996144F60D8006D589E /* VerticalLayout.h */; };
		7ED9CC6F1364C943006FFC0E /* ObjCMemberFunctionPointer.h in Headers */ = {isa = PBXBuildFile; fileRef = 7ED9CC6E1364C943006FFC0E /* ObjCMemberFunctionPointer.h */; };
		AA747D9F0F9514B9006C5449 /* Framework_Prefix.pch in Headers */ = {isa = PBXBuildFile; fileRef = AA747D9E0F9514B9006C5449 /* Framework_Prefix.pch */; };
		AACBBE4A0F95108600F1A2B1 /* Foundation.framework in Frameworks */ = {isa = PBXBuildFile; fileRef = AACBBE490F95108600F1A2B1 /* Foundation.framework */; };
/* End PBXBuildFile section */

/* Begin PBXFileReference section */
		701A48D7169BE4F500B5C1FF /* Base64.cpp */ = {isa = PBXFileReference; fileEncoding = 4; lastKnownFileType = sourcecode.cpp.cpp; name = Base64.cpp; path = ../src/Base64.cpp; sourceTree = "<group>"; };
		701A48DA169BE4FC00B5C1FF /* Base64.h */ = {isa = PBXFileReference; fileEncoding = 4; lastKnownFileType = sourcecode.c.h; name = Base64.h; path = ../include/Base64.h; sourceTree = "<group>"; };
		701A48F316AD196200B5C1FF /* PathUtils.cpp */ = {isa = PBXFileReference; fileEncoding = 4; lastKnownFileType = sourcecode.cpp.cpp; name = PathUtils.cpp; path = ../src/PathUtils.cpp; sourceTree = "<group>"; };
		701A48F616AD197600B5C1FF /* PathUtils.h */ = {isa = PBXFileReference; fileEncoding = 4; lastKnownFileType = sourcecode.c.h; name = PathUtils.h; path = ../include/PathUtils.h; sourceTree = "<group>"; };
		70271AA718D4E3AC00777C53 /* Bitmap.cpp */ = {isa = PBXFileReference; fileEncoding = 4; lastKnownFileType = sourcecode.cpp.cpp; name = Bitmap.cpp; path = ../src/bitmap/Bitmap.cpp; sourceTree = "<group>"; };
		70271AA818D4E3AC00777C53 /* BMP.cpp */ = {isa = PBXFileReference; fileEncoding = 4; lastKnownFileType = sourcecode.cpp.cpp; name = BMP.cpp; path = ../src/bitmap/BMP.cpp; sourceTree = "<group>"; };
		70271AA918D4E3AC00777C53 /* JPEG.cpp */ = {isa = PBXFileReference; fileEncoding = 4; lastKnownFileType = sourcecode.cpp.cpp; name = JPEG.cpp; path = ../src/bitmap/JPEG.cpp; sourceTree = "<group>"; };
		70271AAA18D4E3AC00777C53 /* PNG.cpp */ = {isa = PBXFileReference; fileEncoding = 4; lastKnownFileType = sourcecode.cpp.cpp; name = PNG.cpp; path = ../src/bitmap/PNG.cpp; sourceTree = "<group>"; };
		70271AAB18D4E3AC00777C53 /* TGA.cpp */ = {isa = PBXFileReference; fileEncoding = 4; lastKnownFileType = sourcecode.cpp.cpp; name = TGA.cpp; path = ../src/bitmap/TGA.cpp; sourceTree = "<group>"; };
		70271AB118D4E3B500777C53 /* Bitmap.h */ = {isa = PBXFileReference; fileEncoding = 4; lastKnownFileType = sourcecode.c.h; name = Bitmap.h; path = ../include/bitmap/Bitmap.h; sourceTree = "<group>"; };
		70271AB218D4E3B500777C53 /* BMP.h */ = {isa = PBXFileReference; fileEncoding = 4; lastKnownFileType = sourcecode.c.h; name = BMP.h; path = ../include/bitmap/BMP.h; sourceTree = "<group>"; };
		70271AB318D4E3B500777C53 /* JPEG.h */ = {isa = PBXFileReference; fileEncoding = 4; lastKnownFileType = sourcecode.c.h; name = JPEG.h; path = ../include/bitmap/JPEG.h; sourceTree = "<group>"; };
		70271AB418D4E3B500777C53 /* PNG.h */ = {isa = PBXFileReference; fileEncoding = 4; lastKnownFileType = sourcecode.c.h; name = PNG.h; path = ../include/bitmap/PNG.h; sourceTree = "<group>"; };
		70271AB518D4E3B500777C53 /* TGA.h */ = {isa = PBXFileReference; fileEncoding = 4; lastKnownFileType = sourcecode.c.h; name = TGA.h; path = ../include/bitmap/TGA.h; sourceTree = "<group>"; };
		70271ABB18D4E3D900777C53 /* BitStream.cpp */ = {isa = PBXFileReference; fileEncoding = 4; lastKnownFileType = sourcecode.cpp.cpp; name = BitStream.cpp; path = ../src/BitStream.cpp; sourceTree = "<group>"; };
		70271ABD18D4E3E200777C53 /* BitStream.h */ = {isa = PBXFileReference; fileEncoding = 4; lastKnownFileType = sourcecode.c.h; name = BitStream.h; path = ../include/BitStream.h; sourceTree = "<group>"; };
		70271AC018D4E41200777C53 /* IEEE1180.cpp */ = {isa = PBXFileReference; fileEncoding = 4; lastKnownFileType = sourcecode.cpp.cpp; name = IEEE1180.cpp; path = ../src/idct/IEEE1180.cpp; sourceTree = "<group>"; };
		70271AC118D4E41200777C53 /* TrivialC.cpp */ = {isa = PBXFileReference; fileEncoding = 4; lastKnownFileType = sourcecode.cpp.cpp; name = TrivialC.cpp; path = ../src/idct/TrivialC.cpp; sourceTree = "<group>"; };
		70271AC418D4E41F00777C53 /* IEEE1180.h */ = {isa = PBXFileReference; fileEncoding = 4; lastKnownFileType = sourcecode.c.h; name = IEEE1180.h; path = ../include/idct/IEEE1180.h; sourceTree = "<group>"; };
		70271AC518D4E41F00777C53 /* Interface.h */ = {isa = PBXFileReference; fileEncoding = 4; lastKnownFileType = sourcecode.c.h; name = Interface.h; path = ../include/idct/Interface.h; sourceTree = "<group>"; };
		70271AC618D4E41F00777C53 /* TrivialC.h */ = {isa = PBXFileReference; fileEncoding = 4; lastKnownFileType = sourcecode.c.h; name = TrivialC.h; path = ../include/idct/TrivialC.h; sourceTree = "<group>"; };
		70271ACA18D4E44F00777C53 /* StreamBitStream.cpp */ = {isa = PBXFileReference; fileEncoding = 4; lastKnownFileType = sourcecode.cpp.cpp; name = StreamBitStream.cpp; path = ../src/StreamBitStream.cpp; sourceTree = "<group>"; };
		70271ACC18D4E45900777C53 /* StreamBitStream.h */ = {isa = PBXFileReference; fileEncoding = 4; lastKnownFileType = sourcecode.c.h; name = StreamBitStream.h; path = ../include/StreamBitStream.h; sourceTree = "<group>"; };
		70271ACE18D4E47000777C53 /* Endian.cpp */ = {isa = PBXFileReference; fileEncoding = 4; lastKnownFileType = sourcecode.cpp.cpp; name = Endian.cpp; path = ../src/Endian.cpp; sourceTree = "<group>"; };
		70271AD018D4E47900777C53 /* Endian.h */ = {isa = PBXFileReference; fileEncoding = 4; lastKnownFileType = sourcecode.c.h; name = Endian.h; path = ../include/Endian.h; sourceTree = "<group>"; };
		704DFAED17D5CB22003AB959 /* alloca_def.h */ = {isa = PBXFileReference; lastKnownFileType = sourcecode.c.h; name = alloca_def.h; path = ../include/alloca_def.h; sourceTree = "<group>"; };
		704E1C3A1B391D9C00C0ACE3 /* Program.cpp */ = {isa = PBXFileReference; fileEncoding = 4; lastKnownFileType = sourcecode.cpp.cpp; name = Program.cpp; path = ../src/opengl/Program.cpp; sourceTree = "<group>"; };
		704E1C3B1B391D9C00C0ACE3 /* Shader.cpp */ = {isa = PBXFileReference; fileEncoding = 4; lastKnownFileType = sourcecode.cpp.cpp; name = Shader.cpp; path = ../src/opengl/Shader.cpp; sourceTree = "<group>"; };
		7054CA251B99B0AD0029E3A3 /* StdStreamUtils.cpp */ = {isa = PBXFileReference; fileEncoding = 4; lastKnownFileType = sourcecode.cpp.cpp; name = StdStreamUtils.cpp; path = ../src/StdStreamUtils.cpp; sourceTree = "<group>"; };
		70834CA61B1BD7B100E8D5C6 /* CodedBlockPatternTable.cpp */ = {isa = PBXFileReference; fileEncoding = 4; lastKnownFileType = sourcecode.cpp.cpp; name = CodedBlockPatternTable.cpp; path = ../src/mpeg2/CodedBlockPatternTable.cpp; sourceTree = "<group>"; };
		70834CA71B1BD7B100E8D5C6 /* DcSizeChrominanceTable.cpp */ = {isa = PBXFileReference; fileEncoding = 4; lastKnownFileType = sourcecode.cpp.cpp; name = DcSizeChrominanceTable.cpp; path = ../src/mpeg2/DcSizeChrominanceTable.cpp; sourceTree = "<group>"; };
		70834CA81B1BD7B100E8D5C6 /* DcSizeLuminanceTable.cpp */ = {isa = PBXFileReference; fileEncoding = 4; lastKnownFileType = sourcecode.cpp.cpp; name = DcSizeLuminanceTable.cpp; path = ../src/mpeg2/DcSizeLuminanceTable.cpp; sourceTree = "<group>"; };
		70834CA91B1BD7B100E8D5C6 /* DctCoefficientTable.cpp */ = {isa = PBXFileReference; fileEncoding = 4; lastKnownFileType = sourcecode.cpp.cpp; name = DctCoefficientTable.cpp; path = ../src/mpeg2/DctCoefficientTable.cpp; sourceTree = "<group>"; };
		70834CAA1B1BD7B100E8D5C6 /* DctCoefficientTable0.cpp */ = {isa = PBXFileReference; fileEncoding = 4; lastKnownFileType = sourcecode.cpp.cpp; name = DctCoefficientTable0.cpp; path = ../src/mpeg2/DctCoefficientTable0.cpp; sourceTree = "<group>"; };
		70834CAB1B1BD7B100E8D5C6 /* DctCoefficientTable1.cpp */ = {isa = PBXFileReference; fileEncoding = 4; lastKnownFileType = sourcecode.cpp.cpp; name = DctCoefficientTable1.cpp; path = ../src/mpeg2/DctCoefficientTable1.cpp; sourceTree = "<group>"; };
		70834CAC1B1BD7B100E8D5C6 /* InverseScanTable.cpp */ = {isa = PBXFileReference; fileEncoding = 4; lastKnownFileType = sourcecode.cpp.cpp; name = InverseScanTable.cpp; path = ../src/mpeg2/InverseScanTable.cpp; sourceTree = "<group>"; };
		70834CAD1B1BD7B100E8D5C6 /* MacroblockAddressIncrementTable.cpp */ = {isa = PBXFileReference; fileEncoding = 4; lastKnownFileType = sourcecode.cpp.cpp; name = MacroblockAddressIncrementTable.cpp; path = ../src/mpeg2/MacroblockAddressIncrementTable.cpp; sourceTree = "<group>"; };
		70834CAE1B1BD7B100E8D5C6 /* MacroblockTypeBTable.cpp */ = {isa = PBXFileReference; fileEncoding = 4; lastKnownFileType = sourcecode.cpp.cpp; name = MacroblockTypeBTable.cpp; path = ../src/mpeg2/MacroblockTypeBTable.cpp; sourceTree = "<group>"; };
		70834CAF1B1BD7B100E8D5C6 /* MacroblockTypeITable.cpp */ = {isa = PBXFileReference; fileEncoding = 4; lastKnownFileType = sourcecode.cpp.cpp; name = MacroblockTypeITable.cpp; path = ../src/mpeg2/MacroblockTypeITable.cpp; sourceTree = "<group>"; };
		70834CB01B1BD7B100E8D5C6 /* MacroblockTypePTable.cpp */ = {isa = PBXFileReference; fileEncoding = 4; lastKnownFileType = sourcecode.cpp.cpp; name = MacroblockTypePTable.cpp; path = ../src/mpeg2/MacroblockTypePTable.cpp; sourceTree = "<group>"; };
		70834CB11B1BD7B100E8D5C6 /* MotionCodeTable.cpp */ = {isa = PBXFileReference; fileEncoding = 4; lastKnownFileType = sourcecode.cpp.cpp; name = MotionCodeTable.cpp; path = ../src/mpeg2/MotionCodeTable.cpp; sourceTree = "<group>"; };
		70834CB21B1BD7B100E8D5C6 /* QuantiserScaleTable.cpp */ = {isa = PBXFileReference; fileEncoding = 4; lastKnownFileType = sourcecode.cpp.cpp; name = QuantiserScaleTable.cpp; path = ../src/mpeg2/QuantiserScaleTable.cpp; sourceTree = "<group>"; };
		70834CB31B1BD7B100E8D5C6 /* VLCTable.cpp */ = {isa = PBXFileReference; fileEncoding = 4; lastKnownFileType = sourcecode.cpp.cpp; name = VLCTable.cpp; path = ../src/mpeg2/VLCTable.cpp; sourceTree = "<group>"; };
		70834CC21B1BD7BF00E8D5C6 /* CodedBlockPatternTable.h */ = {isa = PBXFileReference; fileEncoding = 4; lastKnownFileType = sourcecode.c.h; name = CodedBlockPatternTable.h; path = ../include/mpeg2/CodedBlockPatternTable.h; sourceTree = "<group>"; };
		70834CC31B1BD7BF00E8D5C6 /* DcSizeChrominanceTable.h */ = {isa = PBXFileReference; fileEncoding = 4; lastKnownFileType = sourcecode.c.h; name = DcSizeChrominanceTable.h; path = ../include/mpeg2/DcSizeChrominanceTable.h; sourceTree = "<group>"; };
		70834CC41B1BD7BF00E8D5C6 /* DcSizeLuminanceTable.h */ = {isa = PBXFileReference; fileEncoding = 4; lastKnownFileType = sourcecode.c.h; name = DcSizeLuminanceTable.h; path = ../include/mpeg2/DcSizeLuminanceTable.h; sourceTree = "<group>"; };
		70834CC51B1BD7BF00E8D5C6 /* DctCoefficientTable.h */ = {isa = PBXFileReference; fileEncoding = 4; lastKnownFileType = sourcecode.c.h; name = DctCoefficientTable.h; path = ../include/mpeg2/DctCoefficientTable.h; sourceTree = "<group>"; };
		70834CC61B1BD7BF00E8D5C6 /* DctCoefficientTable0.h */ = {isa = PBXFileReference; fileEncoding = 4; lastKnownFileType = sourcecode.c.h; name = DctCoefficientTable0.h; path = ../include/mpeg2/DctCoefficientTable0.h; sourceTree = "<group>"; };
		70834CC71B1BD7BF00E8D5C6 /* DctCoefficientTable1.h */ = {isa = PBXFileReference; fileEncoding = 4; lastKnownFileType = sourcecode.c.h; name = DctCoefficientTable1.h; path = ../include/mpeg2/DctCoefficientTable1.h; sourceTree = "<group>"; };
		70834CC81B1BD7BF00E8D5C6 /* InverseScanTable.h */ = {isa = PBXFileReference; fileEncoding = 4; lastKnownFileType = sourcecode.c.h; name = InverseScanTable.h; path = ../include/mpeg2/InverseScanTable.h; sourceTree = "<group>"; };
		70834CC91B1BD7BF00E8D5C6 /* MacroblockAddressIncrementTable.h */ = {isa = PBXFileReference; fileEncoding = 4; lastKnownFileType = sourcecode.c.h; name = MacroblockAddressIncrementTable.h; path = ../include/mpeg2/MacroblockAddressIncrementTable.h; sourceTree = "<group>"; };
		70834CCA1B1BD7BF00E8D5C6 /* MacroblockTypeBTable.h */ = {isa = PBXFileReference; fileEncoding = 4; lastKnownFileType = sourcecode.c.h; name = MacroblockTypeBTable.h; path = ../include/mpeg2/MacroblockTypeBTable.h; sourceTree = "<group>"; };
		70834CCB1B1BD7BF00E8D5C6 /* MacroblockTypeITable.h */ = {isa = PBXFileReference; fileEncoding = 4; lastKnownFileType = sourcecode.c.h; name = MacroblockTypeITable.h; path = ../include/mpeg2/MacroblockTypeITable.h; sourceTree = "<group>"; };
		70834CCC1B1BD7BF00E8D5C6 /* MacroblockTypePTable.h */ = {isa = PBXFileReference; fileEncoding = 4; lastKnownFileType = sourcecode.c.h; name = MacroblockTypePTable.h; path = ../include/mpeg2/MacroblockTypePTable.h; sourceTree = "<group>"; };
		70834CCD1B1BD7BF00E8D5C6 /* MotionCodeTable.h */ = {isa = PBXFileReference; fileEncoding = 4; lastKnownFileType = sourcecode.c.h; name = MotionCodeTable.h; path = ../include/mpeg2/MotionCodeTable.h; sourceTree = "<group>"; };
		70834CCE1B1BD7BF00E8D5C6 /* QuantiserScaleTable.h */ = {isa = PBXFileReference; fileEncoding = 4; lastKnownFileType = sourcecode.c.h; name = QuantiserScaleTable.h; path = ../include/mpeg2/QuantiserScaleTable.h; sourceTree = "<group>"; };
		70834CCF1B1BD7BF00E8D5C6 /* VLCTable.h */ = {isa = PBXFileReference; fileEncoding = 4; lastKnownFileType = sourcecode.c.h; name = VLCTable.h; path = ../include/mpeg2/VLCTable.h; sourceTree = "<group>"; };
		708661E618D44B1900B4E9CE /* GeneralSettings.xcconfig */ = {isa = PBXFileReference; fileEncoding = 4; lastKnownFileType = text.xcconfig; path = GeneralSettings.xcconfig; sourceTree = "<group>"; };
		709C3B1D18D4BF02006DAF2C /* GeneralSettingsDebug.xcconfig */ = {isa = PBXFileReference; fileEncoding = 4; lastKnownFileType = text.xcconfig; path = GeneralSettingsDebug.xcconfig; sourceTree = "<group>"; };
		70AD236A1B38F81500137AA0 /* OpenGlDef.h */ = {isa = PBXFileReference; fileEncoding = 4; lastKnownFileType = sourcecode.c.h; name = OpenGlDef.h; path = ../include/opengl/OpenGlDef.h; sourceTree = "<group>"; };
		70AD236B1B38F81500137AA0 /* Program.h */ = {isa = PBXFileReference; fileEncoding = 4; lastKnownFileType = sourcecode.c.h; name = Program.h; path = ../include/opengl/Program.h; sourceTree = "<group>"; };
		70AD236C1B38F81500137AA0 /* Resource.h */ = {isa = PBXFileReference; fileEncoding = 4; lastKnownFileType = sourcecode.c.h; name = Resource.h; path = ../include/opengl/Resource.h; sourceTree = "<group>"; };
		70AD236D1B38F81500137AA0 /* Shader.h */ = {isa = PBXFileReference; fileEncoding = 4; lastKnownFileType = sourcecode.c.h; name = Shader.h; path = ../include/opengl/Shader.h; sourceTree = "<group>"; };
		70AD23981B3919D700137AA0 /* LzAri.cpp */ = {isa = PBXFileReference; fileEncoding = 4; lastKnownFileType = sourcecode.cpp.cpp; name = LzAri.cpp; path = ../src/LzAri.cpp; sourceTree = "<group>"; };
		70AD239A1B3919E300137AA0 /* LzAri.h */ = {isa = PBXFileReference; fileEncoding = 4; lastKnownFileType = sourcecode.c.h; name = LzAri.h; path = ../include/LzAri.h; sourceTree = "<group>"; };
		70C0EF8B1A59E55E00227442 /* MathStringUtils.cpp */ = {isa = PBXFileReference; fileEncoding = 4; lastKnownFileType = sourcecode.cpp.cpp; name = MathStringUtils.cpp; path = ../src/math/MathStringUtils.cpp; sourceTree = "<group>"; };
		70C0EF8D1A59E56C00227442 /* MathDef.h */ = {isa = PBXFileReference; fileEncoding = 4; lastKnownFileType = sourcecode.c.h; name = MathDef.h; path = ../include/math/MathDef.h; sourceTree = "<group>"; };
		70C0EF8E1A59E56C00227442 /* MathOps.h */ = {isa = PBXFileReference; fileEncoding = 4; lastKnownFileType = sourcecode.c.h; name = MathOps.h; path = ../include/math/MathOps.h; sourceTree = "<group>"; };
		70C0EF8F1A59E56C00227442 /* MathStringUtils.h */ = {isa = PBXFileReference; fileEncoding = 4; lastKnownFileType = sourcecode.c.h; name = MathStringUtils.h; path = ../include/math/MathStringUtils.h; sourceTree = "<group>"; };
		70C0EF901A59E56C00227442 /* Matrix4.h */ = {isa = PBXFileReference; fileEncoding = 4; lastKnownFileType = sourcecode.c.h; name = Matrix4.h; path = ../include/math/Matrix4.h; sourceTree = "<group>"; };
		70C0EF911A59E56C00227442 /* Plane.h */ = {isa = PBXFileReference; fileEncoding = 4; lastKnownFileType = sourcecode.c.h; name = Plane.h; path = ../include/math/Plane.h; sourceTree = "<group>"; };
		70C0EF921A59E56C00227442 /* Quaternion.h */ = {isa = PBXFileReference; fileEncoding = 4; lastKnownFileType = sourcecode.c.h; name = Quaternion.h; path = ../include/math/Quaternion.h; sourceTree = "<group>"; };
		70C0EF931A59E56C00227442 /* Ray.h */ = {isa = PBXFileReference; fileEncoding = 4; lastKnownFileType = sourcecode.c.h; name = Ray.h; path = ../include/math/Ray.h; sourceTree = "<group>"; };
		70C0EF941A59E56C00227442 /* Sphere.h */ = {isa = PBXFileReference; fileEncoding = 4; lastKnownFileType = sourcecode.c.h; name = Sphere.h; path = ../include/math/Sphere.h; sourceTree = "<group>"; };
		70C0EF951A59E56C00227442 /* Vector2.h */ = {isa = PBXFileReference; fileEncoding = 4; lastKnownFileType = sourcecode.c.h; name = Vector2.h; path = ../include/math/Vector2.h; sourceTree = "<group>"; };
		70C0EF961A59E56C00227442 /* Vector3.h */ = {isa = PBXFileReference; fileEncoding = 4; lastKnownFileType = sourcecode.c.h; name = Vector3.h; path = ../include/math/Vector3.h; sourceTree = "<group>"; };
		70C0EF971A59E56C00227442 /* Vector4.h */ = {isa = PBXFileReference; fileEncoding = 4; lastKnownFileType = sourcecode.c.h; name = Vector4.h; path = ../include/math/Vector4.h; sourceTree = "<group>"; };
		70F6D79519CF95870087C371 /* ExternalDependencies.xcconfig */ = {isa = PBXFileReference; fileEncoding = 4; lastKnownFileType = text.xcconfig; path = ExternalDependencies.xcconfig; sourceTree = "<group>"; };
		70F6D79619CF95870087C371 /* GeneralSettingsRelease.xcconfig */ = {isa = PBXFileReference; fileEncoding = 4; lastKnownFileType = text.xcconfig; path = GeneralSettingsRelease.xcconfig; sourceTree = "<group>"; };
		7E1C41B31234236D00BB4E9C /* IosIStream.cpp */ = {isa = PBXFileReference; fileEncoding = 4; lastKnownFileType = sourcecode.cpp.cpp; name = IosIStream.cpp; path = ../src/IosIStream.cpp; sourceTree = SOURCE_ROOT; };
		7E1C41B41234236D00BB4E9C /* IosOStream.cpp */ = {isa = PBXFileReference; fileEncoding = 4; lastKnownFileType = sourcecode.cpp.cpp; name = IosOStream.cpp; path = ../src/IosOStream.cpp; sourceTree = SOURCE_ROOT; };
		7E1C41B51234236D00BB4E9C /* string_cast_sjis.cpp */ = {isa = PBXFileReference; fileEncoding = 4; lastKnownFileType = sourcecode.cpp.cpp; name = string_cast_sjis.cpp; path = ../src/string_cast_sjis.cpp; sourceTree = SOURCE_ROOT; };
		7E1C41B61234236D00BB4E9C /* string_cast.cpp */ = {isa = PBXFileReference; fileEncoding = 4; lastKnownFileType = sourcecode.cpp.cpp; name = string_cast.cpp; path = ../src/string_cast.cpp; sourceTree = SOURCE_ROOT; };
		7E1C41B71234236D00BB4E9C /* Utf8.cpp */ = {isa = PBXFileReference; fileEncoding = 4; lastKnownFileType = sourcecode.cpp.cpp; name = Utf8.cpp; path = ../src/Utf8.cpp; sourceTree = SOURCE_ROOT; };
		7E1C41BD1234238200BB4E9C /* IosIStream.h */ = {isa = PBXFileReference; fileEncoding = 4; lastKnownFileType = sourcecode.c.h; name = IosIStream.h; path = ../include/IosIStream.h; sourceTree = SOURCE_ROOT; };
		7E1C41BE1234238200BB4E9C /* IosOStream.h */ = {isa = PBXFileReference; fileEncoding = 4; lastKnownFileType = sourcecode.c.h; name = IosOStream.h; path = ../include/IosOStream.h; sourceTree = SOURCE_ROOT; };
		7E1C41BF1234238200BB4E9C /* string_cast_sjis.h */ = {isa = PBXFileReference; fileEncoding = 4; lastKnownFileType = sourcecode.c.h; name = string_cast_sjis.h; path = ../include/string_cast_sjis.h; sourceTree = SOURCE_ROOT; };
		7E1C41C01234238200BB4E9C /* string_cast_win1252.h */ = {isa = PBXFileReference; fileEncoding = 4; lastKnownFileType = sourcecode.c.h; name = string_cast_win1252.h; path = ../include/string_cast_win1252.h; sourceTree = SOURCE_ROOT; };
		7E1C41C11234238200BB4E9C /* string_cast.h */ = {isa = PBXFileReference; fileEncoding = 4; lastKnownFileType = sourcecode.c.h; name = string_cast.h; path = ../include/string_cast.h; sourceTree = SOURCE_ROOT; };
		7E1C41C21234238200BB4E9C /* Utf8.h */ = {isa = PBXFileReference; fileEncoding = 4; lastKnownFileType = sourcecode.c.h; name = Utf8.h; path = ../include/Utf8.h; sourceTree = SOURCE_ROOT; };
		7E1C41E11234240C00BB4E9C /* string_cast_win1252.cpp */ = {isa = PBXFileReference; fileEncoding = 4; lastKnownFileType = sourcecode.cpp.cpp; name = string_cast_win1252.cpp; path = ../src/string_cast_win1252.cpp; sourceTree = SOURCE_ROOT; };
		7E2720AD1213AEC200C0DEBF /* MemStream.cpp */ = {isa = PBXFileReference; fileEncoding = 4; lastKnownFileType = sourcecode.cpp.cpp; name = MemStream.cpp; path = ../src/MemStream.cpp; sourceTree = SOURCE_ROOT; };
		7E2720AE1213AEC200C0DEBF /* PtrStream.cpp */ = {isa = PBXFileReference; fileEncoding = 4; lastKnownFileType = sourcecode.cpp.cpp; name = PtrStream.cpp; path = ../src/PtrStream.cpp; sourceTree = SOURCE_ROOT; };
		7E2720AF1213AEC200C0DEBF /* StdStream.cpp */ = {isa = PBXFileReference; fileEncoding = 4; lastKnownFileType = sourcecode.cpp.cpp; name = StdStream.cpp; path = ../src/StdStream.cpp; sourceTree = SOURCE_ROOT; };
		7E2720B01213AEC200C0DEBF /* Stream.cpp */ = {isa = PBXFileReference; fileEncoding = 4; lastKnownFileType = sourcecode.cpp.cpp; name = Stream.cpp; path = ../src/Stream.cpp; sourceTree = SOURCE_ROOT; };
		7E2720B51213AED800C0DEBF /* MemStream.h */ = {isa = PBXFileReference; fileEncoding = 4; lastKnownFileType = sourcecode.c.h; name = MemStream.h; path = ../include/MemStream.h; sourceTree = SOURCE_ROOT; };
		7E2720B61213AED800C0DEBF /* PtrStream.h */ = {isa = PBXFileReference; fileEncoding = 4; lastKnownFileType = sourcecode.c.h; name = PtrStream.h; path = ../include/PtrStream.h; sourceTree = SOURCE_ROOT; };
		7E2720B71213AED800C0DEBF /* StdStream.h */ = {isa = PBXFileReference; fileEncoding = 4; lastKnownFileType = sourcecode.c.h; name = StdStream.h; path = ../include/StdStream.h; sourceTree = SOURCE_ROOT; };
		7E2720B81213AED800C0DEBF /* Stream.h */ = {isa = PBXFileReference; fileEncoding = 4; lastKnownFileType = sourcecode.c.h; name = Stream.h; path = ../include/Stream.h; sourceTree = SOURCE_ROOT; };
		7E2722331214F94D00C0DEBF /* FilteringNodeIterator.cpp */ = {isa = PBXFileReference; fileEncoding = 4; lastKnownFileType = sourcecode.cpp.cpp; name = FilteringNodeIterator.cpp; path = ../src/xml/FilteringNodeIterator.cpp; sourceTree = SOURCE_ROOT; };
		7E2722341214F94D00C0DEBF /* Node.cpp */ = {isa = PBXFileReference; fileEncoding = 4; lastKnownFileType = sourcecode.cpp.cpp; name = Node.cpp; path = ../src/xml/Node.cpp; sourceTree = SOURCE_ROOT; };
		7E2722351214F94D00C0DEBF /* Parser.cpp */ = {isa = PBXFileReference; fileEncoding = 4; lastKnownFileType = sourcecode.cpp.cpp; name = Parser.cpp; path = ../src/xml/Parser.cpp; sourceTree = SOURCE_ROOT; };
		7E2722361214F94D00C0DEBF /* Utils.cpp */ = {isa = PBXFileReference; fileEncoding = 4; lastKnownFileType = sourcecode.cpp.cpp; name = Utils.cpp; path = ../src/xml/Utils.cpp; sourceTree = SOURCE_ROOT; };
		7E2722371214F94D00C0DEBF /* Writer.cpp */ = {isa = PBXFileReference; fileEncoding = 4; lastKnownFileType = sourcecode.cpp.cpp; name = Writer.cpp; path = ../src/xml/Writer.cpp; sourceTree = SOURCE_ROOT; };
		7E27223D1214F95800C0DEBF /* FilteringNodeIterator.h */ = {isa = PBXFileReference; fileEncoding = 4; lastKnownFileType = sourcecode.c.h; name = FilteringNodeIterator.h; path = ../include/xml/FilteringNodeIterator.h; sourceTree = SOURCE_ROOT; };
		7E27223E1214F95800C0DEBF /* Node.h */ = {isa = PBXFileReference; fileEncoding = 4; lastKnownFileType = sourcecode.c.h; name = Node.h; path = ../include/xml/Node.h; sourceTree = SOURCE_ROOT; };
		7E27223F1214F95800C0DEBF /* Parser.h */ = {isa = PBXFileReference; fileEncoding = 4; lastKnownFileType = sourcecode.c.h; name = Parser.h; path = ../include/xml/Parser.h; sourceTree = SOURCE_ROOT; };
		7E2722401214F95800C0DEBF /* Utils.h */ = {isa = PBXFileReference; fileEncoding = 4; lastKnownFileType = sourcecode.c.h; name = Utils.h; path = ../include/xml/Utils.h; sourceTree = SOURCE_ROOT; };
		7E2722411214F95800C0DEBF /* Writer.h */ = {isa = PBXFileReference; fileEncoding = 4; lastKnownFileType = sourcecode.c.h; name = Writer.h; path = ../include/xml/Writer.h; sourceTree = SOURCE_ROOT; };
		7E2722521214F99400C0DEBF /* ZipArchiveReader.cpp */ = {isa = PBXFileReference; fileEncoding = 4; lastKnownFileType = sourcecode.cpp.cpp; name = ZipArchiveReader.cpp; path = ../src/zip/ZipArchiveReader.cpp; sourceTree = SOURCE_ROOT; };
		7E2722531214F99500C0DEBF /* ZipArchiveWriter.cpp */ = {isa = PBXFileReference; fileEncoding = 4; lastKnownFileType = sourcecode.cpp.cpp; name = ZipArchiveWriter.cpp; path = ../src/zip/ZipArchiveWriter.cpp; sourceTree = SOURCE_ROOT; };
		7E2722541214F99500C0DEBF /* ZipDeflateStream.cpp */ = {isa = PBXFileReference; fileEncoding = 4; lastKnownFileType = sourcecode.cpp.cpp; name = ZipDeflateStream.cpp; path = ../src/zip/ZipDeflateStream.cpp; sourceTree = SOURCE_ROOT; };
		7E2722551214F99500C0DEBF /* ZipFile.cpp */ = {isa = PBXFileReference; fileEncoding = 4; lastKnownFileType = sourcecode.cpp.cpp; name = ZipFile.cpp; path = ../src/zip/ZipFile.cpp; sourceTree = SOURCE_ROOT; };
		7E2722561214F99500C0DEBF /* ZipInflateStream.cpp */ = {isa = PBXFileReference; fileEncoding = 4; lastKnownFileType = sourcecode.cpp.cpp; name = ZipInflateStream.cpp; path = ../src/zip/ZipInflateStream.cpp; sourceTree = SOURCE_ROOT; };
		7E2722571214F99500C0DEBF /* ZipStoreStream.cpp */ = {isa = PBXFileReference; fileEncoding = 4; lastKnownFileType = sourcecode.cpp.cpp; name = ZipStoreStream.cpp; path = ../src/zip/ZipStoreStream.cpp; sourceTree = SOURCE_ROOT; };
		7E2722601214F9AD00C0DEBF /* ZipArchiveReader.h */ = {isa = PBXFileReference; fileEncoding = 4; lastKnownFileType = sourcecode.c.h; name = ZipArchiveReader.h; path = ../include/zip/ZipArchiveReader.h; sourceTree = SOURCE_ROOT; };
		7E2722611214F9AD00C0DEBF /* ZipArchiveWriter.h */ = {isa = PBXFileReference; fileEncoding = 4; lastKnownFileType = sourcecode.c.h; name = ZipArchiveWriter.h; path = ../include/zip/ZipArchiveWriter.h; sourceTree = SOURCE_ROOT; };
		7E2722621214F9AD00C0DEBF /* ZipDeflateStream.h */ = {isa = PBXFileReference; fileEncoding = 4; lastKnownFileType = sourcecode.c.h; name = ZipDeflateStream.h; path = ../include/zip/ZipDeflateStream.h; sourceTree = SOURCE_ROOT; };
		7E2722631214F9AD00C0DEBF /* ZipDefs.h */ = {isa = PBXFileReference; fileEncoding = 4; lastKnownFileType = sourcecode.c.h; name = ZipDefs.h; path = ../include/zip/ZipDefs.h; sourceTree = SOURCE_ROOT; };
		7E2722641214F9AD00C0DEBF /* ZipFile.h */ = {isa = PBXFileReference; fileEncoding = 4; lastKnownFileType = sourcecode.c.h; name = ZipFile.h; path = ../include/zip/ZipFile.h; sourceTree = SOURCE_ROOT; };
		7E2722651214F9AD00C0DEBF /* ZipInflateStream.h */ = {isa = PBXFileReference; fileEncoding = 4; lastKnownFileType = sourcecode.c.h; name = ZipInflateStream.h; path = ../include/zip/ZipInflateStream.h; sourceTree = SOURCE_ROOT; };
		7E2722661214F9AD00C0DEBF /* ZipStoreStream.h */ = {isa = PBXFileReference; fileEncoding = 4; lastKnownFileType = sourcecode.c.h; name = ZipStoreStream.h; path = ../include/zip/ZipStoreStream.h; sourceTree = SOURCE_ROOT; };
		7E2722A71214FAAA00C0DEBF /* Buffer.cpp */ = {isa = PBXFileReference; fileEncoding = 4; lastKnownFileType = sourcecode.cpp.cpp; name = Buffer.cpp; path = ../src/openal/Buffer.cpp; sourceTree = SOURCE_ROOT; };
		7E2722A81214FAAA00C0DEBF /* Context.cpp */ = {isa = PBXFileReference; fileEncoding = 4; lastKnownFileType = sourcecode.cpp.cpp; name = Context.cpp; path = ../src/openal/Context.cpp; sourceTree = SOURCE_ROOT; };
		7E2722A91214FAAA00C0DEBF /* Device.cpp */ = {isa = PBXFileReference; fileEncoding = 4; lastKnownFileType = sourcecode.cpp.cpp; name = Device.cpp; path = ../src/openal/Device.cpp; sourceTree = SOURCE_ROOT; };
		7E2722AA1214FAAA00C0DEBF /* Source.cpp */ = {isa = PBXFileReference; fileEncoding = 4; lastKnownFileType = sourcecode.cpp.cpp; name = Source.cpp; path = ../src/openal/Source.cpp; sourceTree = SOURCE_ROOT; };
		7E2722AF1214FAB700C0DEBF /* Buffer.h */ = {isa = PBXFileReference; fileEncoding = 4; lastKnownFileType = sourcecode.c.h; name = Buffer.h; path = ../include/openal/Buffer.h; sourceTree = SOURCE_ROOT; };
		7E2722B01214FAB700C0DEBF /* Context.h */ = {isa = PBXFileReference; fileEncoding = 4; lastKnownFileType = sourcecode.c.h; name = Context.h; path = ../include/openal/Context.h; sourceTree = SOURCE_ROOT; };
		7E2722B11214FAB700C0DEBF /* Device.h */ = {isa = PBXFileReference; fileEncoding = 4; lastKnownFileType = sourcecode.c.h; name = Device.h; path = ../include/openal/Device.h; sourceTree = SOURCE_ROOT; };
		7E2722B21214FAB700C0DEBF /* OpenAlDef.h */ = {isa = PBXFileReference; fileEncoding = 4; lastKnownFileType = sourcecode.c.h; name = OpenAlDef.h; path = ../include/openal/OpenAlDef.h; sourceTree = SOURCE_ROOT; };
		7E2722B31214FAB700C0DEBF /* Source.h */ = {isa = PBXFileReference; fileEncoding = 4; lastKnownFileType = sourcecode.c.h; name = Source.h; path = ../include/openal/Source.h; sourceTree = SOURCE_ROOT; };
		7E2722BD1214FAD800C0DEBF /* Config.cpp */ = {isa = PBXFileReference; fileEncoding = 4; lastKnownFileType = sourcecode.cpp.cpp; name = Config.cpp; path = ../src/Config.cpp; sourceTree = SOURCE_ROOT; };
		7E2722BF1214FAE200C0DEBF /* Config.h */ = {isa = PBXFileReference; fileEncoding = 4; lastKnownFileType = sourcecode.c.h; name = Config.h; path = ../include/Config.h; sourceTree = SOURCE_ROOT; };
		7E64497E144F60CE006D589E /* FlatLayout.cpp */ = {isa = PBXFileReference; fileEncoding = 4; lastKnownFileType = sourcecode.cpp.cpp; name = FlatLayout.cpp; path = ../src/layout/FlatLayout.cpp; sourceTree = "<group>"; };
		7E64497F144F60CE006D589E /* GridLayout.cpp */ = {isa = PBXFileReference; fileEncoding = 4; lastKnownFileType = sourcecode.cpp.cpp; name = GridLayout.cpp; path = ../src/layout/GridLayout.cpp; sourceTree = "<group>"; };
		7E644980144F60CE006D589E /* HorizontalLayout.cpp */ = {isa = PBXFileReference; fileEncoding = 4; lastKnownFileType = sourcecode.cpp.cpp; name = HorizontalLayout.cpp; path = ../src/layout/HorizontalLayout.cpp; sourceTree = "<group>"; };
		7E644981144F60CE006D589E /* LayoutBase.cpp */ = {isa = PBXFileReference; fileEncoding = 4; lastKnownFileType = sourcecode.cpp.cpp; name = LayoutBase.cpp; path = ../src/layout/LayoutBase.cpp; sourceTree = "<group>"; };
		7E644982144F60CE006D589E /* LayoutBaseItem.cpp */ = {isa = PBXFileReference; fileEncoding = 4; lastKnownFileType = sourcecode.cpp.cpp; name = LayoutBaseItem.cpp; path = ../src/layout/LayoutBaseItem.cpp; sourceTree = "<group>"; };
		7E644983144F60CE006D589E /* LayoutObject.cpp */ = {isa = PBXFileReference; fileEncoding = 4; lastKnownFileType = sourcecode.cpp.cpp; name = LayoutObject.cpp; path = ../src/layout/LayoutObject.cpp; sourceTree = "<group>"; };
		7E644984144F60CE006D589E /* LayoutStretch.cpp */ = {isa = PBXFileReference; fileEncoding = 4; lastKnownFileType = sourcecode.cpp.cpp; name = LayoutStretch.cpp; path = ../src/layout/LayoutStretch.cpp; sourceTree = "<group>"; };
		7E644985144F60CE006D589E /* VerticalLayout.cpp */ = {isa = PBXFileReference; fileEncoding = 4; lastKnownFileType = sourcecode.cpp.cpp; name = VerticalLayout.cpp; path = ../src/layout/VerticalLayout.cpp; sourceTree = "<group>"; };
		7E64498E144F60D8006D589E /* FlatLayout.h */ = {isa = PBXFileReference; fileEncoding = 4; lastKnownFileType = sourcecode.c.h; name = FlatLayout.h; path = ../include/layout/FlatLayout.h; sourceTree = "<group>"; };
		7E64498F144F60D8006D589E /* GridLayout.h */ = {isa = PBXFileReference; fileEncoding = 4; lastKnownFileType = sourcecode.c.h; name = GridLayout.h; path = ../include/layout/GridLayout.h; sourceTree = "<group>"; };
		7E644990144F60D8006D589E /* HorizontalLayout.h */ = {isa = PBXFileReference; fileEncoding = 4; lastKnownFileType = sourcecode.c.h; name = HorizontalLayout.h; path = ../include/layout/HorizontalLayout.h; sourceTree = "<group>"; };
		7E644991144F60D8006D589E /* LayoutBase.h */ = {isa = PBXFileReference; fileEncoding = 4; lastKnownFileType = sourcecode.c.h; name = LayoutBase.h; path = ../include/layout/LayoutBase.h; sourceTree = "<group>"; };
		7E644992144F60D8006D589E /* LayoutBaseItem.h */ = {isa = PBXFileReference; fileEncoding = 4; lastKnownFileType = sourcecode.c.h; name = LayoutBaseItem.h; path = ../include/layout/LayoutBaseItem.h; sourceTree = "<group>"; };
		7E644993144F60D8006D589E /* LayoutEngine.h */ = {isa = PBXFileReference; fileEncoding = 4; lastKnownFileType = sourcecode.c.h; name = LayoutEngine.h; path = ../include/layout/LayoutEngine.h; sourceTree = "<group>"; };
		7E644994144F60D8006D589E /* LayoutObject.h */ = {isa = PBXFileReference; fileEncoding = 4; lastKnownFileType = sourcecode.c.h; name = LayoutObject.h; path = ../include/layout/LayoutObject.h; sourceTree = "<group>"; };
		7E644995144F60D8006D589E /* LayoutStretch.h */ = {isa = PBXFileReference; fileEncoding = 4; lastKnownFileType = sourcecode.c.h; name = LayoutStretch.h; path = ../include/layout/LayoutStretch.h; sourceTree = "<group>"; };
		7E644996144F60D8006D589E /* VerticalLayout.h */ = {isa = PBXFileReference; fileEncoding = 4; lastKnownFileType = sourcecode.c.h; name = VerticalLayout.h; path = ../include/layout/VerticalLayout.h; sourceTree = "<group>"; };
		7ED9CC6E1364C943006FFC0E /* ObjCMemberFunctionPointer.h */ = {isa = PBXFileReference; fileEncoding = 4; lastKnownFileType = sourcecode.c.h; name = ObjCMemberFunctionPointer.h; path = ../include/ObjCMemberFunctionPointer.h; sourceTree = "<group>"; };
		AA747D9E0F9514B9006C5449 /* Framework_Prefix.pch */ = {isa = PBXFileReference; fileEncoding = 4; lastKnownFileType = sourcecode.c.h; path = Framework_Prefix.pch; sourceTree = SOURCE_ROOT; };
		AACBBE490F95108600F1A2B1 /* Foundation.framework */ = {isa = PBXFileReference; lastKnownFileType = wrapper.framework; name = Foundation.framework; path = System/Library/Frameworks/Foundation.framework; sourceTree = SDKROOT; };
		D2AAC07E0554694100DB518D /* libFramework.a */ = {isa = PBXFileReference; explicitFileType = archive.ar; includeInIndex = 0; path = libFramework.a; sourceTree = BUILT_PRODUCTS_DIR; };
/* End PBXFileReference section */

/* Begin PBXFrameworksBuildPhase section */
		D2AAC07C0554694100DB518D /* Frameworks */ = {
			isa = PBXFrameworksBuildPhase;
			buildActionMask = 2147483647;
			files = (
				AACBBE4A0F95108600F1A2B1 /* Foundation.framework in Frameworks */,
			);
			runOnlyForDeploymentPostprocessing = 0;
		};
/* End PBXFrameworksBuildPhase section */

/* Begin PBXGroup section */
		034768DFFF38A50411DB9C8B /* Products */ = {
			isa = PBXGroup;
			children = (
				D2AAC07E0554694100DB518D /* libFramework.a */,
			);
			name = Products;
			sourceTree = "<group>";
		};
		0867D691FE84028FC02AAC07 /* Framework */ = {
			isa = PBXGroup;
			children = (
				709C3B1C18D4BD3A006DAF2C /* Config */,
				0867D69AFE84028FC02AAC07 /* Frameworks */,
				034768DFFF38A50411DB9C8B /* Products */,
				08FB77AEFE84172EC02AAC07 /* Source */,
			);
			name = Framework;
			sourceTree = "<group>";
		};
		0867D69AFE84028FC02AAC07 /* Frameworks */ = {
			isa = PBXGroup;
			children = (
				AACBBE490F95108600F1A2B1 /* Foundation.framework */,
			);
			name = Frameworks;
			sourceTree = "<group>";
		};
		08FB77AEFE84172EC02AAC07 /* Source */ = {
			isa = PBXGroup;
			children = (
				704DFAED17D5CB22003AB959 /* alloca_def.h */,
				701A48D7169BE4F500B5C1FF /* Base64.cpp */,
				701A48DA169BE4FC00B5C1FF /* Base64.h */,
				70271AA618D4E39C00777C53 /* bitmap */,
				70271ABB18D4E3D900777C53 /* BitStream.cpp */,
				70271ABD18D4E3E200777C53 /* BitStream.h */,
				7E2722BD1214FAD800C0DEBF /* Config.cpp */,
				7E2722BF1214FAE200C0DEBF /* Config.h */,
				70271ACE18D4E47000777C53 /* Endian.cpp */,
				70271AD018D4E47900777C53 /* Endian.h */,
				AA747D9E0F9514B9006C5449 /* Framework_Prefix.pch */,
				70271ABF18D4E40300777C53 /* idct */,
				7E1C41B31234236D00BB4E9C /* IosIStream.cpp */,
				7E1C41BD1234238200BB4E9C /* IosIStream.h */,
				7E1C41B41234236D00BB4E9C /* IosOStream.cpp */,
				7E1C41BE1234238200BB4E9C /* IosOStream.h */,
				7E64497D144F60BA006D589E /* layout */,
				70AD23981B3919D700137AA0 /* LzAri.cpp */,
				70AD239A1B3919E300137AA0 /* LzAri.h */,
				70C0EF8A1A59E55000227442 /* math */,
				7E2720AD1213AEC200C0DEBF /* MemStream.cpp */,
				7E2720B51213AED800C0DEBF /* MemStream.h */,
				70834CA51B1BD79E00E8D5C6 /* mpeg2 */,
				7ED9CC6E1364C943006FFC0E /* ObjCMemberFunctionPointer.h */,
				7E2722A61214FA9B00C0DEBF /* openal */,
				70AD23691B38F7EF00137AA0 /* opengl */,
				701A48F316AD196200B5C1FF /* PathUtils.cpp */,
				701A48F616AD197600B5C1FF /* PathUtils.h */,
				7E2720AE1213AEC200C0DEBF /* PtrStream.cpp */,
				7E2720B61213AED800C0DEBF /* PtrStream.h */,
				7E2720AF1213AEC200C0DEBF /* StdStream.cpp */,
				7E2720B71213AED800C0DEBF /* StdStream.h */,
				7054CA251B99B0AD0029E3A3 /* StdStreamUtils.cpp */,
				7E2720B01213AEC200C0DEBF /* Stream.cpp */,
				7E2720B81213AED800C0DEBF /* Stream.h */,
				70271ACA18D4E44F00777C53 /* StreamBitStream.cpp */,
				70271ACC18D4E45900777C53 /* StreamBitStream.h */,
				7E1C41B51234236D00BB4E9C /* string_cast_sjis.cpp */,
				7E1C41BF1234238200BB4E9C /* string_cast_sjis.h */,
				7E1C41E11234240C00BB4E9C /* string_cast_win1252.cpp */,
				7E1C41C01234238200BB4E9C /* string_cast_win1252.h */,
				7E1C41B61234236D00BB4E9C /* string_cast.cpp */,
				7E1C41C11234238200BB4E9C /* string_cast.h */,
				7E1C41B71234236D00BB4E9C /* Utf8.cpp */,
				7E1C41C21234238200BB4E9C /* Utf8.h */,
				7E2722321214F93C00C0DEBF /* xml */,
				7E27224F1214F98100C0DEBF /* zip */,
			);
			name = Source;
			sourceTree = "<group>";
		};
		70271AA618D4E39C00777C53 /* bitmap */ = {
			isa = PBXGroup;
			children = (
				70271AA718D4E3AC00777C53 /* Bitmap.cpp */,
				70271AB118D4E3B500777C53 /* Bitmap.h */,
				70271AA818D4E3AC00777C53 /* BMP.cpp */,
				70271AB218D4E3B500777C53 /* BMP.h */,
				70271AA918D4E3AC00777C53 /* JPEG.cpp */,
				70271AB318D4E3B500777C53 /* JPEG.h */,
				70271AAA18D4E3AC00777C53 /* PNG.cpp */,
				70271AB418D4E3B500777C53 /* PNG.h */,
				70271AAB18D4E3AC00777C53 /* TGA.cpp */,
				70271AB518D4E3B500777C53 /* TGA.h */,
			);
			name = bitmap;
			sourceTree = "<group>";
		};
		70271ABF18D4E40300777C53 /* idct */ = {
			isa = PBXGroup;
			children = (
				70271AC018D4E41200777C53 /* IEEE1180.cpp */,
				70271AC418D4E41F00777C53 /* IEEE1180.h */,
				70271AC518D4E41F00777C53 /* Interface.h */,
				70271AC118D4E41200777C53 /* TrivialC.cpp */,
				70271AC618D4E41F00777C53 /* TrivialC.h */,
			);
			name = idct;
			sourceTree = "<group>";
		};
		70834CA51B1BD79E00E8D5C6 /* mpeg2 */ = {
			isa = PBXGroup;
			children = (
				70834CA61B1BD7B100E8D5C6 /* CodedBlockPatternTable.cpp */,
				70834CC21B1BD7BF00E8D5C6 /* CodedBlockPatternTable.h */,
				70834CA71B1BD7B100E8D5C6 /* DcSizeChrominanceTable.cpp */,
				70834CC31B1BD7BF00E8D5C6 /* DcSizeChrominanceTable.h */,
				70834CA81B1BD7B100E8D5C6 /* DcSizeLuminanceTable.cpp */,
				70834CC41B1BD7BF00E8D5C6 /* DcSizeLuminanceTable.h */,
				70834CA91B1BD7B100E8D5C6 /* DctCoefficientTable.cpp */,
				70834CC51B1BD7BF00E8D5C6 /* DctCoefficientTable.h */,
				70834CAA1B1BD7B100E8D5C6 /* DctCoefficientTable0.cpp */,
				70834CC61B1BD7BF00E8D5C6 /* DctCoefficientTable0.h */,
				70834CAB1B1BD7B100E8D5C6 /* DctCoefficientTable1.cpp */,
				70834CC71B1BD7BF00E8D5C6 /* DctCoefficientTable1.h */,
				70834CAC1B1BD7B100E8D5C6 /* InverseScanTable.cpp */,
				70834CC81B1BD7BF00E8D5C6 /* InverseScanTable.h */,
				70834CAD1B1BD7B100E8D5C6 /* MacroblockAddressIncrementTable.cpp */,
				70834CC91B1BD7BF00E8D5C6 /* MacroblockAddressIncrementTable.h */,
				70834CAE1B1BD7B100E8D5C6 /* MacroblockTypeBTable.cpp */,
				70834CCA1B1BD7BF00E8D5C6 /* MacroblockTypeBTable.h */,
				70834CAF1B1BD7B100E8D5C6 /* MacroblockTypeITable.cpp */,
				70834CCB1B1BD7BF00E8D5C6 /* MacroblockTypeITable.h */,
				70834CB01B1BD7B100E8D5C6 /* MacroblockTypePTable.cpp */,
				70834CCC1B1BD7BF00E8D5C6 /* MacroblockTypePTable.h */,
				70834CB11B1BD7B100E8D5C6 /* MotionCodeTable.cpp */,
				70834CCD1B1BD7BF00E8D5C6 /* MotionCodeTable.h */,
				70834CB21B1BD7B100E8D5C6 /* QuantiserScaleTable.cpp */,
				70834CCE1B1BD7BF00E8D5C6 /* QuantiserScaleTable.h */,
				70834CB31B1BD7B100E8D5C6 /* VLCTable.cpp */,
				70834CCF1B1BD7BF00E8D5C6 /* VLCTable.h */,
			);
			name = mpeg2;
			sourceTree = "<group>";
		};
		709C3B1C18D4BD3A006DAF2C /* Config */ = {
			isa = PBXGroup;
			children = (
				70F6D79519CF95870087C371 /* ExternalDependencies.xcconfig */,
				708661E618D44B1900B4E9CE /* GeneralSettings.xcconfig */,
				709C3B1D18D4BF02006DAF2C /* GeneralSettingsDebug.xcconfig */,
				70F6D79619CF95870087C371 /* GeneralSettingsRelease.xcconfig */,
			);
			name = Config;
			sourceTree = "<group>";
		};
		70AD23691B38F7EF00137AA0 /* opengl */ = {
			isa = PBXGroup;
			children = (
				70AD236A1B38F81500137AA0 /* OpenGlDef.h */,
				704E1C3A1B391D9C00C0ACE3 /* Program.cpp */,
				70AD236B1B38F81500137AA0 /* Program.h */,
				70AD236C1B38F81500137AA0 /* Resource.h */,
				704E1C3B1B391D9C00C0ACE3 /* Shader.cpp */,
				70AD236D1B38F81500137AA0 /* Shader.h */,
			);
			name = opengl;
			sourceTree = "<group>";
		};
		70C0EF8A1A59E55000227442 /* math */ = {
			isa = PBXGroup;
			children = (
				70C0EF8D1A59E56C00227442 /* MathDef.h */,
				70C0EF8E1A59E56C00227442 /* MathOps.h */,
				70C0EF8B1A59E55E00227442 /* MathStringUtils.cpp */,
				70C0EF8F1A59E56C00227442 /* MathStringUtils.h */,
				70C0EF901A59E56C00227442 /* Matrix4.h */,
				70C0EF911A59E56C00227442 /* Plane.h */,
				70C0EF921A59E56C00227442 /* Quaternion.h */,
				70C0EF931A59E56C00227442 /* Ray.h */,
				70C0EF941A59E56C00227442 /* Sphere.h */,
				70C0EF951A59E56C00227442 /* Vector2.h */,
				70C0EF961A59E56C00227442 /* Vector3.h */,
				70C0EF971A59E56C00227442 /* Vector4.h */,
			);
			name = math;
			sourceTree = "<group>";
		};
		7E2722321214F93C00C0DEBF /* xml */ = {
			isa = PBXGroup;
			children = (
				7E2722331214F94D00C0DEBF /* FilteringNodeIterator.cpp */,
				7E27223D1214F95800C0DEBF /* FilteringNodeIterator.h */,
				7E2722341214F94D00C0DEBF /* Node.cpp */,
				7E27223E1214F95800C0DEBF /* Node.h */,
				7E2722351214F94D00C0DEBF /* Parser.cpp */,
				7E27223F1214F95800C0DEBF /* Parser.h */,
				7E2722361214F94D00C0DEBF /* Utils.cpp */,
				7E2722401214F95800C0DEBF /* Utils.h */,
				7E2722371214F94D00C0DEBF /* Writer.cpp */,
				7E2722411214F95800C0DEBF /* Writer.h */,
			);
			name = xml;
			sourceTree = "<group>";
		};
		7E27224F1214F98100C0DEBF /* zip */ = {
			isa = PBXGroup;
			children = (
				7E2722521214F99400C0DEBF /* ZipArchiveReader.cpp */,
				7E2722601214F9AD00C0DEBF /* ZipArchiveReader.h */,
				7E2722531214F99500C0DEBF /* ZipArchiveWriter.cpp */,
				7E2722611214F9AD00C0DEBF /* ZipArchiveWriter.h */,
				7E2722541214F99500C0DEBF /* ZipDeflateStream.cpp */,
				7E2722621214F9AD00C0DEBF /* ZipDeflateStream.h */,
				7E2722631214F9AD00C0DEBF /* ZipDefs.h */,
				7E2722551214F99500C0DEBF /* ZipFile.cpp */,
				7E2722641214F9AD00C0DEBF /* ZipFile.h */,
				7E2722561214F99500C0DEBF /* ZipInflateStream.cpp */,
				7E2722651214F9AD00C0DEBF /* ZipInflateStream.h */,
				7E2722571214F99500C0DEBF /* ZipStoreStream.cpp */,
				7E2722661214F9AD00C0DEBF /* ZipStoreStream.h */,
			);
			name = zip;
			sourceTree = "<group>";
		};
		7E2722A61214FA9B00C0DEBF /* openal */ = {
			isa = PBXGroup;
			children = (
				7E2722A71214FAAA00C0DEBF /* Buffer.cpp */,
				7E2722AF1214FAB700C0DEBF /* Buffer.h */,
				7E2722A81214FAAA00C0DEBF /* Context.cpp */,
				7E2722B01214FAB700C0DEBF /* Context.h */,
				7E2722A91214FAAA00C0DEBF /* Device.cpp */,
				7E2722B11214FAB700C0DEBF /* Device.h */,
				7E2722B21214FAB700C0DEBF /* OpenAlDef.h */,
				7E2722AA1214FAAA00C0DEBF /* Source.cpp */,
				7E2722B31214FAB700C0DEBF /* Source.h */,
			);
			name = openal;
			sourceTree = "<group>";
		};
		7E64497D144F60BA006D589E /* layout */ = {
			isa = PBXGroup;
			children = (
				7E64497E144F60CE006D589E /* FlatLayout.cpp */,
				7E64498E144F60D8006D589E /* FlatLayout.h */,
				7E64497F144F60CE006D589E /* GridLayout.cpp */,
				7E64498F144F60D8006D589E /* GridLayout.h */,
				7E644980144F60CE006D589E /* HorizontalLayout.cpp */,
				7E644990144F60D8006D589E /* HorizontalLayout.h */,
				7E644981144F60CE006D589E /* LayoutBase.cpp */,
				7E644991144F60D8006D589E /* LayoutBase.h */,
				7E644982144F60CE006D589E /* LayoutBaseItem.cpp */,
				7E644992144F60D8006D589E /* LayoutBaseItem.h */,
				7E644993144F60D8006D589E /* LayoutEngine.h */,
				7E644983144F60CE006D589E /* LayoutObject.cpp */,
				7E644994144F60D8006D589E /* LayoutObject.h */,
				7E644984144F60CE006D589E /* LayoutStretch.cpp */,
				7E644995144F60D8006D589E /* LayoutStretch.h */,
				7E644985144F60CE006D589E /* VerticalLayout.cpp */,
				7E644996144F60D8006D589E /* VerticalLayout.h */,
			);
			name = layout;
			sourceTree = "<group>";
		};
/* End PBXGroup section */

/* Begin PBXHeadersBuildPhase section */
		D2AAC07A0554694100DB518D /* Headers */ = {
			isa = PBXHeadersBuildPhase;
			buildActionMask = 2147483647;
			files = (
				70AD23711B38F81500137AA0 /* Shader.h in Headers */,
				70C0EF9B1A59E56C00227442 /* Matrix4.h in Headers */,
				AA747D9F0F9514B9006C5449 /* Framework_Prefix.pch in Headers */,
				70271AB718D4E3B500777C53 /* BMP.h in Headers */,
				70834CD51B1BD7BF00E8D5C6 /* DctCoefficientTable1.h in Headers */,
				70271AC718D4E41F00777C53 /* IEEE1180.h in Headers */,
				7E2720B91213AED800C0DEBF /* MemStream.h in Headers */,
				7E2720BA1213AED800C0DEBF /* PtrStream.h in Headers */,
				7E2720BB1213AED800C0DEBF /* StdStream.h in Headers */,
				7E2720BC1213AED800C0DEBF /* Stream.h in Headers */,
				7E2722421214F95800C0DEBF /* FilteringNodeIterator.h in Headers */,
				70C0EF981A59E56C00227442 /* MathDef.h in Headers */,
				7E2722431214F95800C0DEBF /* Node.h in Headers */,
				7E2722441214F95800C0DEBF /* Parser.h in Headers */,
				7E2722451214F95800C0DEBF /* Utils.h in Headers */,
				7E2722461214F95800C0DEBF /* Writer.h in Headers */,
				70834CDB1B1BD7BF00E8D5C6 /* MotionCodeTable.h in Headers */,
				7E2722671214F9AD00C0DEBF /* ZipArchiveReader.h in Headers */,
				70271AB918D4E3B500777C53 /* PNG.h in Headers */,
				70271AC818D4E41F00777C53 /* Interface.h in Headers */,
				70834CD71B1BD7BF00E8D5C6 /* MacroblockAddressIncrementTable.h in Headers */,
				7E2722681214F9AD00C0DEBF /* ZipArchiveWriter.h in Headers */,
				70834CDD1B1BD7BF00E8D5C6 /* VLCTable.h in Headers */,
				70834CD61B1BD7BF00E8D5C6 /* InverseScanTable.h in Headers */,
				7E2722691214F9AD00C0DEBF /* ZipDeflateStream.h in Headers */,
				70271AD118D4E47900777C53 /* Endian.h in Headers */,
				70271AB818D4E3B500777C53 /* JPEG.h in Headers */,
				70271AB618D4E3B500777C53 /* Bitmap.h in Headers */,
				7E27226A1214F9AD00C0DEBF /* ZipDefs.h in Headers */,
				7E27226B1214F9AD00C0DEBF /* ZipFile.h in Headers */,
				70834CDA1B1BD7BF00E8D5C6 /* MacroblockTypePTable.h in Headers */,
				7E27226C1214F9AD00C0DEBF /* ZipInflateStream.h in Headers */,
				7E27226D1214F9AD00C0DEBF /* ZipStoreStream.h in Headers */,
				7E2722B41214FAB700C0DEBF /* Buffer.h in Headers */,
				7E2722B51214FAB700C0DEBF /* Context.h in Headers */,
				70AD239B1B3919E300137AA0 /* LzAri.h in Headers */,
				70834CD31B1BD7BF00E8D5C6 /* DctCoefficientTable.h in Headers */,
				70C0EFA01A59E56C00227442 /* Vector2.h in Headers */,
				70C0EFA21A59E56C00227442 /* Vector4.h in Headers */,
				7E2722B61214FAB700C0DEBF /* Device.h in Headers */,
				7E2722B71214FAB700C0DEBF /* OpenAlDef.h in Headers */,
				7E2722B81214FAB700C0DEBF /* Source.h in Headers */,
				70834CD11B1BD7BF00E8D5C6 /* DcSizeChrominanceTable.h in Headers */,
				7E2722C01214FAE200C0DEBF /* Config.h in Headers */,
				7E1C41C31234238200BB4E9C /* IosIStream.h in Headers */,
				70834CD21B1BD7BF00E8D5C6 /* DcSizeLuminanceTable.h in Headers */,
				70271AC918D4E41F00777C53 /* TrivialC.h in Headers */,
				7E1C41C41234238200BB4E9C /* IosOStream.h in Headers */,
				7E1C41C51234238200BB4E9C /* string_cast_sjis.h in Headers */,
				7E1C41C61234238200BB4E9C /* string_cast_win1252.h in Headers */,
				70271ABA18D4E3B500777C53 /* TGA.h in Headers */,
				70C0EF9D1A59E56C00227442 /* Quaternion.h in Headers */,
				7E1C41C71234238200BB4E9C /* string_cast.h in Headers */,
				70C0EF9C1A59E56C00227442 /* Plane.h in Headers */,
				70834CD41B1BD7BF00E8D5C6 /* DctCoefficientTable0.h in Headers */,
				70834CD91B1BD7BF00E8D5C6 /* MacroblockTypeITable.h in Headers */,
				7E1C41C81234238200BB4E9C /* Utf8.h in Headers */,
				70AD236F1B38F81500137AA0 /* Program.h in Headers */,
				7ED9CC6F1364C943006FFC0E /* ObjCMemberFunctionPointer.h in Headers */,
				7E644997144F60D8006D589E /* FlatLayout.h in Headers */,
				7E644998144F60D8006D589E /* GridLayout.h in Headers */,
				7E644999144F60D8006D589E /* HorizontalLayout.h in Headers */,
				70C0EF991A59E56C00227442 /* MathOps.h in Headers */,
				70271ABE18D4E3E200777C53 /* BitStream.h in Headers */,
				70C0EFA11A59E56C00227442 /* Vector3.h in Headers */,
				70C0EF9A1A59E56C00227442 /* MathStringUtils.h in Headers */,
				7E64499A144F60D8006D589E /* LayoutBase.h in Headers */,
				70834CDC1B1BD7BF00E8D5C6 /* QuantiserScaleTable.h in Headers */,
				7E64499B144F60D8006D589E /* LayoutBaseItem.h in Headers */,
				70834CD81B1BD7BF00E8D5C6 /* MacroblockTypeBTable.h in Headers */,
				70C0EF9E1A59E56C00227442 /* Ray.h in Headers */,
				7E64499C144F60D8006D589E /* LayoutEngine.h in Headers */,
				70C0EF9F1A59E56C00227442 /* Sphere.h in Headers */,
				7E64499D144F60D8006D589E /* LayoutObject.h in Headers */,
				70AD23701B38F81500137AA0 /* Resource.h in Headers */,
				7E64499E144F60D8006D589E /* LayoutStretch.h in Headers */,
				70271ACD18D4E45900777C53 /* StreamBitStream.h in Headers */,
				70AD236E1B38F81500137AA0 /* OpenGlDef.h in Headers */,
				7E64499F144F60D8006D589E /* VerticalLayout.h in Headers */,
				701A48DB169BE4FC00B5C1FF /* Base64.h in Headers */,
				70834CD01B1BD7BF00E8D5C6 /* CodedBlockPatternTable.h in Headers */,
				701A48F716AD197600B5C1FF /* PathUtils.h in Headers */,
			);
			runOnlyForDeploymentPostprocessing = 0;
		};
/* End PBXHeadersBuildPhase section */

/* Begin PBXNativeTarget section */
		D2AAC07D0554694100DB518D /* Framework */ = {
			isa = PBXNativeTarget;
			buildConfigurationList = 1DEB921E08733DC00010E9CD /* Build configuration list for PBXNativeTarget "Framework" */;
			buildPhases = (
				D2AAC07A0554694100DB518D /* Headers */,
				D2AAC07B0554694100DB518D /* Sources */,
				D2AAC07C0554694100DB518D /* Frameworks */,
			);
			buildRules = (
			);
			dependencies = (
			);
			name = Framework;
			productName = Framework;
			productReference = D2AAC07E0554694100DB518D /* libFramework.a */;
			productType = "com.apple.product-type.library.static";
		};
/* End PBXNativeTarget section */

/* Begin PBXProject section */
		0867D690FE84028FC02AAC07 /* Project object */ = {
			isa = PBXProject;
			attributes = {
				LastUpgradeCheck = 0510;
			};
			buildConfigurationList = 1DEB922208733DC00010E9CD /* Build configuration list for PBXProject "Framework" */;
			compatibilityVersion = "Xcode 3.2";
			developmentRegion = English;
			hasScannedForEncodings = 1;
			knownRegions = (
				English,
				Japanese,
				French,
				German,
			);
			mainGroup = 0867D691FE84028FC02AAC07 /* Framework */;
			productRefGroup = 034768DFFF38A50411DB9C8B /* Products */;
			projectDirPath = "";
			projectRoot = "";
			targets = (
				D2AAC07D0554694100DB518D /* Framework */,
			);
		};
/* End PBXProject section */

/* Begin PBXSourcesBuildPhase section */
		D2AAC07B0554694100DB518D /* Sources */ = {
			isa = PBXSourcesBuildPhase;
			buildActionMask = 2147483647;
			files = (
				70271AAC18D4E3AC00777C53 /* Bitmap.cpp in Sources */,
				7E2720B11213AEC200C0DEBF /* MemStream.cpp in Sources */,
				70834CBF1B1BD7B100E8D5C6 /* MotionCodeTable.cpp in Sources */,
				7E2720B21213AEC200C0DEBF /* PtrStream.cpp in Sources */,
				70834CB81B1BD7B100E8D5C6 /* DctCoefficientTable0.cpp in Sources */,
				7E2720B31213AEC200C0DEBF /* StdStream.cpp in Sources */,
				7E2720B41213AEC200C0DEBF /* Stream.cpp in Sources */,
				7E2722381214F94D00C0DEBF /* FilteringNodeIterator.cpp in Sources */,
				7E2722391214F94D00C0DEBF /* Node.cpp in Sources */,
				7E27223A1214F94D00C0DEBF /* Parser.cpp in Sources */,
				70271AB018D4E3AC00777C53 /* TGA.cpp in Sources */,
				7E27223B1214F94D00C0DEBF /* Utils.cpp in Sources */,
				7E27223C1214F94D00C0DEBF /* Writer.cpp in Sources */,
				7E2722581214F99500C0DEBF /* ZipArchiveReader.cpp in Sources */,
				7E2722591214F99500C0DEBF /* ZipArchiveWriter.cpp in Sources */,
				70834CBE1B1BD7B100E8D5C6 /* MacroblockTypePTable.cpp in Sources */,
				7E27225A1214F99500C0DEBF /* ZipDeflateStream.cpp in Sources */,
				7054CA261B99B0AD0029E3A3 /* StdStreamUtils.cpp in Sources */,
				70271ACF18D4E47000777C53 /* Endian.cpp in Sources */,
				704E1C3D1B391D9C00C0ACE3 /* Shader.cpp in Sources */,
				70271AAF18D4E3AC00777C53 /* PNG.cpp in Sources */,
				70271AAD18D4E3AC00777C53 /* BMP.cpp in Sources */,
				7E27225B1214F99500C0DEBF /* ZipFile.cpp in Sources */,
				70C0EF8C1A59E55E00227442 /* MathStringUtils.cpp in Sources */,
				70271AAE18D4E3AC00777C53 /* JPEG.cpp in Sources */,
				7E27225C1214F99500C0DEBF /* ZipInflateStream.cpp in Sources */,
				7E27225D1214F99500C0DEBF /* ZipStoreStream.cpp in Sources */,
				7E2722AB1214FAAA00C0DEBF /* Buffer.cpp in Sources */,
				7E2722AC1214FAAA00C0DEBF /* Context.cpp in Sources */,
				70834CBD1B1BD7B100E8D5C6 /* MacroblockTypeITable.cpp in Sources */,
				70834CC01B1BD7B100E8D5C6 /* QuantiserScaleTable.cpp in Sources */,
				7E2722AD1214FAAA00C0DEBF /* Device.cpp in Sources */,
				704E1C3C1B391D9C00C0ACE3 /* Program.cpp in Sources */,
				70834CBA1B1BD7B100E8D5C6 /* InverseScanTable.cpp in Sources */,
				7E2722AE1214FAAA00C0DEBF /* Source.cpp in Sources */,
				7E2722BE1214FAD800C0DEBF /* Config.cpp in Sources */,
				70834CB61B1BD7B100E8D5C6 /* DcSizeLuminanceTable.cpp in Sources */,
				70834CB41B1BD7B100E8D5C6 /* CodedBlockPatternTable.cpp in Sources */,
				70271ABC18D4E3D900777C53 /* BitStream.cpp in Sources */,
				7E1C41B81234236D00BB4E9C /* IosIStream.cpp in Sources */,
				70271AC318D4E41200777C53 /* TrivialC.cpp in Sources */,
				70834CBC1B1BD7B100E8D5C6 /* MacroblockTypeBTable.cpp in Sources */,
				7E1C41B91234236D00BB4E9C /* IosOStream.cpp in Sources */,
				7E1C41BA1234236D00BB4E9C /* string_cast_sjis.cpp in Sources */,
				7E1C41BB1234236D00BB4E9C /* string_cast.cpp in Sources */,
				7E1C41BC1234236D00BB4E9C /* Utf8.cpp in Sources */,
				70834CB51B1BD7B100E8D5C6 /* DcSizeChrominanceTable.cpp in Sources */,
				70AD23991B3919D700137AA0 /* LzAri.cpp in Sources */,
				70834CC11B1BD7B100E8D5C6 /* VLCTable.cpp in Sources */,
				7E1C41E21234240C00BB4E9C /* string_cast_win1252.cpp in Sources */,
				7E644986144F60CE006D589E /* FlatLayout.cpp in Sources */,
				7E644987144F60CE006D589E /* GridLayout.cpp in Sources */,
				70271ACB18D4E44F00777C53 /* StreamBitStream.cpp in Sources */,
				7E644988144F60CE006D589E /* HorizontalLayout.cpp in Sources */,
				7E644989144F60CE006D589E /* LayoutBase.cpp in Sources */,
				70271AC218D4E41200777C53 /* IEEE1180.cpp in Sources */,
				7E64498A144F60CE006D589E /* LayoutBaseItem.cpp in Sources */,
				7E64498B144F60CE006D589E /* LayoutObject.cpp in Sources */,
				7E64498C144F60CE006D589E /* LayoutStretch.cpp in Sources */,
				70834CBB1B1BD7B100E8D5C6 /* MacroblockAddressIncrementTable.cpp in Sources */,
				7E64498D144F60CE006D589E /* VerticalLayout.cpp in Sources */,
				70834CB71B1BD7B100E8D5C6 /* DctCoefficientTable.cpp in Sources */,
				701A48D8169BE4F500B5C1FF /* Base64.cpp in Sources */,
				701A48F416AD196200B5C1FF /* PathUtils.cpp in Sources */,
				70834CB91B1BD7B100E8D5C6 /* DctCoefficientTable1.cpp in Sources */,
			);
			runOnlyForDeploymentPostprocessing = 0;
		};
/* End PBXSourcesBuildPhase section */

/* Begin XCBuildConfiguration section */
		1DEB921F08733DC00010E9CD /* Debug */ = {
			isa = XCBuildConfiguration;
			baseConfigurationReference = 709C3B1D18D4BF02006DAF2C /* GeneralSettingsDebug.xcconfig */;
			buildSettings = {
				DSTROOT = /tmp/Framework.dst;
				INSTALL_PATH = /usr/local/lib;
				PRODUCT_NAME = Framework;
				SKIP_INSTALL = YES;
			};
			name = Debug;
		};
		1DEB922008733DC00010E9CD /* Release */ = {
			isa = XCBuildConfiguration;
			baseConfigurationReference = 70F6D79619CF95870087C371 /* GeneralSettingsRelease.xcconfig */;
			buildSettings = {
				DSTROOT = /tmp/Framework.dst;
				INSTALL_PATH = /usr/local/lib;
				PRODUCT_NAME = Framework;
				SKIP_INSTALL = YES;
			};
			name = Release;
		};
		1DEB922308733DC00010E9CD /* Debug */ = {
			isa = XCBuildConfiguration;
			buildSettings = {
			};
			name = Debug;
		};
		1DEB922408733DC00010E9CD /* Release */ = {
			isa = XCBuildConfiguration;
			buildSettings = {
			};
			name = Release;
		};
/* End XCBuildConfiguration section */

/* Begin XCConfigurationList section */
		1DEB921E08733DC00010E9CD /* Build configuration list for PBXNativeTarget "Framework" */ = {
			isa = XCConfigurationList;
			buildConfigurations = (
				1DEB921F08733DC00010E9CD /* Debug */,
				1DEB922008733DC00010E9CD /* Release */,
			);
			defaultConfigurationIsVisible = 0;
			defaultConfigurationName = Release;
		};
		1DEB922208733DC00010E9CD /* Build configuration list for PBXProject "Framework" */ = {
			isa = XCConfigurationList;
			buildConfigurations = (
				1DEB922308733DC00010E9CD /* Debug */,
				1DEB922408733DC00010E9CD /* Release */,
			);
			defaultConfigurationIsVisible = 0;
			defaultConfigurationName = Release;
		};
/* End XCConfigurationList section */
	};
	rootObject = 0867D690FE84028FC02AAC07 /* Project object */;
}
