<?xml version="1.0" encoding="utf-8"?>
<Project ToolsVersion="4.0" xmlns="http://schemas.microsoft.com/developer/msbuild/2003">
  <ItemGroup>
    <Filter Include="Source Files">
      <UniqueIdentifier>{4FC737F1-C7A5-4376-A066-2A32D752A2FF}</UniqueIdentifier>
      <Extensions>cpp;c;cc;cxx;def;odl;idl;hpj;bat;asm;asmx</Extensions>
    </Filter>
    <Filter Include="Source Files\win32">
      <UniqueIdentifier>{f618e6ea-24db-4285-b15d-3d761fc70615}</UniqueIdentifier>
    </Filter>
    <Filter Include="Source Files\layout">
      <UniqueIdentifier>{d10eeada-f562-4b83-b5a6-102b52d3527b}</UniqueIdentifier>
    </Filter>
    <Filter Include="Source Files\xml">
      <UniqueIdentifier>{9fd08b0f-c495-4947-95b6-2d59d164c55c}</UniqueIdentifier>
    </Filter>
    <Filter Include="Source Files\zip">
      <UniqueIdentifier>{5f6d59aa-f586-4a0b-ac2a-f997802492fe}</UniqueIdentifier>
    </Filter>
    <Filter Include="Source Files\mpeg2">
      <UniqueIdentifier>{163e56d0-07d5-4be9-96fe-c3e99a5b49cc}</UniqueIdentifier>
    </Filter>
    <Filter Include="Source Files\idct">
      <UniqueIdentifier>{aeb1e385-19b0-42b7-9383-177edd9a16bd}</UniqueIdentifier>
    </Filter>
    <Filter Include="Source Files\bitmap">
      <UniqueIdentifier>{bf2919bb-b2b5-4dab-a011-9de8fff37cd8}</UniqueIdentifier>
    </Filter>
    <Filter Include="Source Files\math">
      <UniqueIdentifier>{6e912e09-b2c7-453c-8691-a159c2181753}</UniqueIdentifier>
    </Filter>
  </ItemGroup>
  <ItemGroup>
    <ClCompile Include="..\src\BitStream.cpp">
      <Filter>Source Files</Filter>
    </ClCompile>
    <ClCompile Include="..\src\Config.cpp">
      <Filter>Source Files</Filter>
    </ClCompile>
    <ClCompile Include="..\src\Endian.cpp">
      <Filter>Source Files</Filter>
    </ClCompile>
    <ClCompile Include="..\src\GZipStream.cpp">
      <Filter>Source Files</Filter>
    </ClCompile>
    <ClCompile Include="..\src\IosIStream.cpp">
      <Filter>Source Files</Filter>
    </ClCompile>
    <ClCompile Include="..\src\IosOStream.cpp">
      <Filter>Source Files</Filter>
    </ClCompile>
    <ClCompile Include="..\src\MemStream.cpp">
      <Filter>Source Files</Filter>
    </ClCompile>
    <ClCompile Include="..\src\PathUtils.cpp">
      <Filter>Source Files</Filter>
    </ClCompile>
    <ClCompile Include="..\src\PtrStream.cpp">
      <Filter>Source Files</Filter>
    </ClCompile>
    <ClCompile Include="..\src\StdStream.cpp">
      <Filter>Source Files</Filter>
    </ClCompile>
    <ClCompile Include="..\src\Stream.cpp">
      <Filter>Source Files</Filter>
    </ClCompile>
    <ClCompile Include="..\src\StreamBitStream.cpp">
      <Filter>Source Files</Filter>
    </ClCompile>
    <ClCompile Include="..\src\string_cast.cpp">
      <Filter>Source Files</Filter>
    </ClCompile>
    <ClCompile Include="..\src\string_cast_sjis.cpp">
      <Filter>Source Files</Filter>
    </ClCompile>
    <ClCompile Include="..\src\string_cast_win1252.cpp">
      <Filter>Source Files</Filter>
    </ClCompile>
    <ClCompile Include="..\src\Utf8.cpp">
      <Filter>Source Files</Filter>
    </ClCompile>
    <ClCompile Include="..\src\win32\AcceleratorTableGenerator.cpp">
      <Filter>Source Files\win32</Filter>
    </ClCompile>
    <ClCompile Include="..\src\win32\Button.cpp">
      <Filter>Source Files\win32</Filter>
    </ClCompile>
    <ClCompile Include="..\src\win32\ClientDeviceContext.cpp">
      <Filter>Source Files\win32</Filter>
    </ClCompile>
    <ClCompile Include="..\src\win32\ColumnTreeView.cpp">
      <Filter>Source Files\win32</Filter>
    </ClCompile>
    <ClCompile Include="..\src\win32\ComboBox.cpp">
      <Filter>Source Files\win32</Filter>
    </ClCompile>
    <ClCompile Include="..\src\win32\CustomDrawn.cpp">
      <Filter>Source Files\win32</Filter>
    </ClCompile>
    <ClCompile Include="..\src\win32\DefaultFonts.cpp">
      <Filter>Source Files\win32</Filter>
    </ClCompile>
    <ClCompile Include="..\src\win32\DeviceContext.cpp">
      <Filter>Source Files\win32</Filter>
    </ClCompile>
    <ClCompile Include="..\src\win32\Dialog.cpp">
      <Filter>Source Files\win32</Filter>
    </ClCompile>
    <ClCompile Include="..\src\win32\Edit.cpp">
      <Filter>Source Files\win32</Filter>
    </ClCompile>
    <ClCompile Include="..\src\win32\FileDialog.cpp">
      <Filter>Source Files\win32</Filter>
    </ClCompile>
    <ClCompile Include="..\src\win32\FindFile.cpp">
      <Filter>Source Files\win32</Filter>
    </ClCompile>
    <ClCompile Include="..\src\win32\Font.cpp">
      <Filter>Source Files\win32</Filter>
    </ClCompile>
    <ClCompile Include="..\src\win32\Header.cpp">
      <Filter>Source Files\win32</Filter>
    </ClCompile>
    <ClCompile Include="..\src\win32\HorizontalSplitter.cpp">
      <Filter>Source Files\win32</Filter>
    </ClCompile>
    <ClCompile Include="..\src\win32\InputBox.cpp">
      <Filter>Source Files\win32</Filter>
    </ClCompile>
    <ClCompile Include="..\src\win32\LayoutWindow.cpp">
      <Filter>Source Files\win32</Filter>
    </ClCompile>
    <ClCompile Include="..\src\win32\ListBox.cpp">
      <Filter>Source Files\win32</Filter>
    </ClCompile>
    <ClCompile Include="..\src\win32\ListView.cpp">
      <Filter>Source Files\win32</Filter>
    </ClCompile>
    <ClCompile Include="..\src\win32\MDIChild.cpp">
      <Filter>Source Files\win32</Filter>
    </ClCompile>
    <ClCompile Include="..\src\win32\MDIClient.cpp">
      <Filter>Source Files\win32</Filter>
    </ClCompile>
    <ClCompile Include="..\src\win32\MDIFrame.cpp">
      <Filter>Source Files\win32</Filter>
    </ClCompile>
    <ClCompile Include="..\src\win32\MemoryDeviceContext.cpp">
      <Filter>Source Files\win32</Filter>
    </ClCompile>
    <ClCompile Include="..\src\win32\MenuItem.cpp">
      <Filter>Source Files\win32</Filter>
    </ClCompile>
    <ClCompile Include="..\src\win32\ModalWindow.cpp">
      <Filter>Source Files\win32</Filter>
    </ClCompile>
    <ClCompile Include="..\src\win32\Rect.cpp">
      <Filter>Source Files\win32</Filter>
    </ClCompile>
    <ClCompile Include="..\src\win32\RichTextEdit.cpp">
      <Filter>Source Files\win32</Filter>
    </ClCompile>
    <ClCompile Include="..\src\win32\ScrollBar.cpp">
      <Filter>Source Files\win32</Filter>
    </ClCompile>
    <ClCompile Include="..\src\win32\Splitter.cpp">
      <Filter>Source Files\win32</Filter>
    </ClCompile>
    <ClCompile Include="..\src\win32\Static.cpp">
      <Filter>Source Files\win32</Filter>
    </ClCompile>
    <ClCompile Include="..\src\win32\StatusBar.cpp">
      <Filter>Source Files\win32</Filter>
    </ClCompile>
    <ClCompile Include="..\src\win32\Tab.cpp">
      <Filter>Source Files\win32</Filter>
    </ClCompile>
    <ClCompile Include="..\src\win32\TaskBarList.cpp">
      <Filter>Source Files\win32</Filter>
    </ClCompile>
    <ClCompile Include="..\src\win32\ToolBar.cpp">
      <Filter>Source Files\win32</Filter>
    </ClCompile>
    <ClCompile Include="..\src\win32\ToolTip.cpp">
      <Filter>Source Files\win32</Filter>
    </ClCompile>
    <ClCompile Include="..\src\win32\TrayIcon.cpp">
      <Filter>Source Files\win32</Filter>
    </ClCompile>
    <ClCompile Include="..\src\win32\TrayIconServer.cpp">
      <Filter>Source Files\win32</Filter>
    </ClCompile>
    <ClCompile Include="..\src\win32\TreeView.cpp">
      <Filter>Source Files\win32</Filter>
    </ClCompile>
    <ClCompile Include="..\src\win32\VerticalSplitter.cpp">
      <Filter>Source Files\win32</Filter>
    </ClCompile>
    <ClCompile Include="..\src\win32\Window.cpp">
      <Filter>Source Files\win32</Filter>
    </ClCompile>
    <ClCompile Include="..\src\layout\FlatLayout.cpp">
      <Filter>Source Files\layout</Filter>
    </ClCompile>
    <ClCompile Include="..\src\layout\GridLayout.cpp">
      <Filter>Source Files\layout</Filter>
    </ClCompile>
    <ClCompile Include="..\src\layout\HorizontalLayout.cpp">
      <Filter>Source Files\layout</Filter>
    </ClCompile>
    <ClCompile Include="..\src\layout\LayoutBase.cpp">
      <Filter>Source Files\layout</Filter>
    </ClCompile>
    <ClCompile Include="..\src\layout\LayoutBaseItem.cpp">
      <Filter>Source Files\layout</Filter>
    </ClCompile>
    <ClCompile Include="..\src\layout\LayoutObject.cpp">
      <Filter>Source Files\layout</Filter>
    </ClCompile>
    <ClCompile Include="..\src\layout\LayoutStretch.cpp">
      <Filter>Source Files\layout</Filter>
    </ClCompile>
    <ClCompile Include="..\src\layout\VerticalLayout.cpp">
      <Filter>Source Files\layout</Filter>
    </ClCompile>
    <ClCompile Include="..\src\xml\FilteringNodeIterator.cpp">
      <Filter>Source Files\xml</Filter>
    </ClCompile>
    <ClCompile Include="..\src\xml\Node.cpp">
      <Filter>Source Files\xml</Filter>
    </ClCompile>
    <ClCompile Include="..\src\xml\Parser.cpp">
      <Filter>Source Files\xml</Filter>
    </ClCompile>
    <ClCompile Include="..\src\xml\Utils.cpp">
      <Filter>Source Files\xml</Filter>
    </ClCompile>
    <ClCompile Include="..\src\xml\Writer.cpp">
      <Filter>Source Files\xml</Filter>
    </ClCompile>
    <ClCompile Include="..\src\zip\ZipArchiveReader.cpp">
      <Filter>Source Files\zip</Filter>
    </ClCompile>
    <ClCompile Include="..\src\zip\ZipArchiveWriter.cpp">
      <Filter>Source Files\zip</Filter>
    </ClCompile>
    <ClCompile Include="..\src\zip\ZipDeflateStream.cpp">
      <Filter>Source Files\zip</Filter>
    </ClCompile>
    <ClCompile Include="..\src\zip\ZipFile.cpp">
      <Filter>Source Files\zip</Filter>
    </ClCompile>
    <ClCompile Include="..\src\zip\ZipInflateStream.cpp">
      <Filter>Source Files\zip</Filter>
    </ClCompile>
    <ClCompile Include="..\src\zip\ZipStoreStream.cpp">
      <Filter>Source Files\zip</Filter>
    </ClCompile>
    <ClCompile Include="..\src\mpeg2\CodedBlockPatternTable.cpp">
      <Filter>Source Files\mpeg2</Filter>
    </ClCompile>
    <ClCompile Include="..\src\mpeg2\DcSizeChrominanceTable.cpp">
      <Filter>Source Files\mpeg2</Filter>
    </ClCompile>
    <ClCompile Include="..\src\mpeg2\DcSizeLuminanceTable.cpp">
      <Filter>Source Files\mpeg2</Filter>
    </ClCompile>
    <ClCompile Include="..\src\mpeg2\DctCoefficientTable.cpp">
      <Filter>Source Files\mpeg2</Filter>
    </ClCompile>
    <ClCompile Include="..\src\mpeg2\DctCoefficientTable0.cpp">
      <Filter>Source Files\mpeg2</Filter>
    </ClCompile>
    <ClCompile Include="..\src\mpeg2\DctCoefficientTable1.cpp">
      <Filter>Source Files\mpeg2</Filter>
    </ClCompile>
    <ClCompile Include="..\src\mpeg2\InverseScanTable.cpp">
      <Filter>Source Files\mpeg2</Filter>
    </ClCompile>
    <ClCompile Include="..\src\mpeg2\MacroblockAddressIncrementTable.cpp">
      <Filter>Source Files\mpeg2</Filter>
    </ClCompile>
    <ClCompile Include="..\src\mpeg2\MacroblockTypeBTable.cpp">
      <Filter>Source Files\mpeg2</Filter>
    </ClCompile>
    <ClCompile Include="..\src\mpeg2\MacroblockTypeITable.cpp">
      <Filter>Source Files\mpeg2</Filter>
    </ClCompile>
    <ClCompile Include="..\src\mpeg2\MacroblockTypePTable.cpp">
      <Filter>Source Files\mpeg2</Filter>
    </ClCompile>
    <ClCompile Include="..\src\mpeg2\MotionCodeTable.cpp">
      <Filter>Source Files\mpeg2</Filter>
    </ClCompile>
    <ClCompile Include="..\src\mpeg2\QuantiserScaleTable.cpp">
      <Filter>Source Files\mpeg2</Filter>
    </ClCompile>
    <ClCompile Include="..\src\mpeg2\VLCTable.cpp">
      <Filter>Source Files\mpeg2</Filter>
    </ClCompile>
    <ClCompile Include="..\src\idct\IEEE1180.cpp">
      <Filter>Source Files\idct</Filter>
    </ClCompile>
    <ClCompile Include="..\src\idct\TrivialC.cpp">
      <Filter>Source Files\idct</Filter>
    </ClCompile>
    <ClCompile Include="..\src\LzAri.cpp">
      <Filter>Source Files</Filter>
    </ClCompile>
    <ClCompile Include="..\src\Base64.cpp">
      <Filter>Source Files</Filter>
    </ClCompile>
    <ClCompile Include="..\src\ThreadPool.cpp">
      <Filter>Source Files</Filter>
    </ClCompile>
    <ClCompile Include="..\src\bitmap\Bitmap.cpp">
      <Filter>Source Files\bitmap</Filter>
    </ClCompile>
    <ClCompile Include="..\src\bitmap\BMP.cpp">
      <Filter>Source Files\bitmap</Filter>
    </ClCompile>
    <ClCompile Include="..\src\bitmap\JPEG.cpp">
      <Filter>Source Files\bitmap</Filter>
    </ClCompile>
    <ClCompile Include="..\src\bitmap\PNG.cpp">
      <Filter>Source Files\bitmap</Filter>
    </ClCompile>
    <ClCompile Include="..\src\win32\DefaultWndClass.cpp">
      <Filter>Source Files\win32</Filter>
    </ClCompile>
    <ClCompile Include="..\src\win32\ActiveXHost.cpp">
      <Filter>Source Files\win32</Filter>
    </ClCompile>
    <ClCompile Include="..\src\win32\WebBrowser.cpp">
      <Filter>Source Files\win32</Filter>
    </ClCompile>
    <ClCompile Include="..\src\bitmap\TGA.cpp">
      <Filter>Source Files\bitmap</Filter>
    </ClCompile>
    <ClCompile Include="..\src\win32\Progress.cpp">
      <Filter>Source Files\win32</Filter>
    </ClCompile>
    <ClCompile Include="..\src\win32\ComStreamAdapter.cpp">
      <Filter>Source Files\win32</Filter>
    </ClCompile>
    <ClCompile Include="..\src\win32\DpiUtils.cpp">
      <Filter>Source Files\win32</Filter>
    </ClCompile>
    <ClCompile Include="..\src\win32\PropertyGrid.cpp">
      <Filter>Source Files\win32</Filter>
    </ClCompile>
    <ClCompile Include="..\src\win32\PropertyGridEdit.cpp">
      <Filter>Source Files\win32</Filter>
    </ClCompile>
    <ClCompile Include="..\src\win32\PropertyGridListBox.cpp">
      <Filter>Source Files\win32</Filter>
    </ClCompile>
    <ClCompile Include="..\src\math\MathStringUtils.cpp">
      <Filter>Source Files\math</Filter>
    </ClCompile>
  </ItemGroup>
  <ItemGroup>
    <ClInclude Include="..\include\alloca_def.h">
      <Filter>Source Files</Filter>
    </ClInclude>
    <ClInclude Include="..\include\Base64.h">
      <Filter>Source Files</Filter>
    </ClInclude>
    <ClInclude Include="..\include\BasicUnion.h">
      <Filter>Source Files</Filter>
    </ClInclude>
    <ClInclude Include="..\include\BitStream.h">
      <Filter>Source Files</Filter>
    </ClInclude>
    <ClInclude Include="..\include\Config.h">
      <Filter>Source Files</Filter>
    </ClInclude>
    <ClInclude Include="..\include\Convertible.h">
      <Filter>Source Files</Filter>
    </ClInclude>
    <ClInclude Include="..\include\countof.h">
      <Filter>Source Files</Filter>
    </ClInclude>
    <ClInclude Include="..\include\Endian.h">
      <Filter>Source Files</Filter>
    </ClInclude>
    <ClInclude Include="..\include\GZipStream.h">
      <Filter>Source Files</Filter>
    </ClInclude>
    <ClInclude Include="..\include\IosIStream.h">
      <Filter>Source Files</Filter>
    </ClInclude>
    <ClInclude Include="..\include\IosOStream.h">
      <Filter>Source Files</Filter>
    </ClInclude>
    <ClInclude Include="..\include\lexical_cast_ex.h">
      <Filter>Source Files</Filter>
    </ClInclude>
    <ClInclude Include="..\include\MemStream.h">
      <Filter>Source Files</Filter>
    </ClInclude>
    <ClInclude Include="..\include\ObjCMemberFunctionPointer.h">
      <Filter>Source Files</Filter>
    </ClInclude>
    <ClInclude Include="..\include\offsetof_def.h">
      <Filter>Source Files</Filter>
    </ClInclude>
    <ClInclude Include="..\include\PathUtils.h">
      <Filter>Source Files</Filter>
    </ClInclude>
    <ClInclude Include="..\include\placeholder_def.h">
      <Filter>Source Files</Filter>
    </ClInclude>
    <ClInclude Include="..\include\PtrMacro.h">
      <Filter>Source Files</Filter>
    </ClInclude>
    <ClInclude Include="..\include\PtrStream.h">
      <Filter>Source Files</Filter>
    </ClInclude>
    <ClInclude Include="..\include\Singleton.h">
      <Filter>Source Files</Filter>
    </ClInclude>
    <ClInclude Include="..\include\StdStream.h">
      <Filter>Source Files</Filter>
    </ClInclude>
    <ClInclude Include="..\include\StdStreamUtils.h">
      <Filter>Source Files</Filter>
    </ClInclude>
    <ClInclude Include="..\include\Stream.h">
      <Filter>Source Files</Filter>
    </ClInclude>
    <ClInclude Include="..\include\StreamBitStream.h">
      <Filter>Source Files</Filter>
    </ClInclude>
    <ClInclude Include="..\include\stricmp.h">
      <Filter>Source Files</Filter>
    </ClInclude>
    <ClInclude Include="..\include\string_cast.h">
      <Filter>Source Files</Filter>
    </ClInclude>
    <ClInclude Include="..\include\string_cast_sjis.h">
      <Filter>Source Files</Filter>
    </ClInclude>
    <ClInclude Include="..\include\string_cast_win1252.h">
      <Filter>Source Files</Filter>
    </ClInclude>
    <ClInclude Include="..\include\tcharx.h">
      <Filter>Source Files</Filter>
    </ClInclude>
    <ClInclude Include="..\include\Types.h">
      <Filter>Source Files</Filter>
    </ClInclude>
    <ClInclude Include="..\include\Utf8.h">
      <Filter>Source Files</Filter>
    </ClInclude>
    <ClInclude Include="..\include\win32\AcceleratorTableGenerator.h">
      <Filter>Source Files\win32</Filter>
    </ClInclude>
    <ClInclude Include="..\include\win32\Button.h">
      <Filter>Source Files\win32</Filter>
    </ClInclude>
    <ClInclude Include="..\include\win32\ClientDeviceContext.h">
      <Filter>Source Files\win32</Filter>
    </ClInclude>
    <ClInclude Include="..\include\win32\ColumnTreeView.h">
      <Filter>Source Files\win32</Filter>
    </ClInclude>
    <ClInclude Include="..\include\win32\ComboBox.h">
      <Filter>Source Files\win32</Filter>
    </ClInclude>
    <ClInclude Include="..\include\win32\CustomDrawn.h">
      <Filter>Source Files\win32</Filter>
    </ClInclude>
    <ClInclude Include="..\include\win32\DblBufferedCtrl.h">
      <Filter>Source Files\win32</Filter>
    </ClInclude>
    <ClInclude Include="..\include\win32\DefaultFonts.h">
      <Filter>Source Files\win32</Filter>
    </ClInclude>
    <ClInclude Include="..\include\win32\DeviceContext.h">
      <Filter>Source Files\win32</Filter>
    </ClInclude>
    <ClInclude Include="..\include\win32\Dialog.h">
      <Filter>Source Files\win32</Filter>
    </ClInclude>
    <ClInclude Include="..\include\win32\Edit.h">
      <Filter>Source Files\win32</Filter>
    </ClInclude>
    <ClInclude Include="..\include\win32\FileDialog.h">
      <Filter>Source Files\win32</Filter>
    </ClInclude>
    <ClInclude Include="..\include\win32\FindFile.h">
      <Filter>Source Files\win32</Filter>
    </ClInclude>
    <ClInclude Include="..\include\win32\Font.h">
      <Filter>Source Files\win32</Filter>
    </ClInclude>
    <ClInclude Include="..\include\win32\GdiObj.h">
      <Filter>Source Files\win32</Filter>
    </ClInclude>
    <ClInclude Include="..\include\win32\GuidUtils.h">
      <Filter>Source Files\win32</Filter>
    </ClInclude>
    <ClInclude Include="..\include\win32\Header.h">
      <Filter>Source Files\win32</Filter>
    </ClInclude>
    <ClInclude Include="..\include\win32\HorizontalSplitter.h">
      <Filter>Source Files\win32</Filter>
    </ClInclude>
    <ClInclude Include="..\include\win32\InputBox.h">
      <Filter>Source Files\win32</Filter>
    </ClInclude>
    <ClInclude Include="..\include\win32\Layouts.h">
      <Filter>Source Files\win32</Filter>
    </ClInclude>
    <ClInclude Include="..\include\win32\LayoutWindow.h">
      <Filter>Source Files\win32</Filter>
    </ClInclude>
    <ClInclude Include="..\include\win32\ListBox.h">
      <Filter>Source Files\win32</Filter>
    </ClInclude>
    <ClInclude Include="..\include\win32\ListView.h">
      <Filter>Source Files\win32</Filter>
    </ClInclude>
    <ClInclude Include="..\include\win32\MDIChild.h">
      <Filter>Source Files\win32</Filter>
    </ClInclude>
    <ClInclude Include="..\include\win32\MDIClient.h">
      <Filter>Source Files\win32</Filter>
    </ClInclude>
    <ClInclude Include="..\include\win32\MDIFrame.h">
      <Filter>Source Files\win32</Filter>
    </ClInclude>
    <ClInclude Include="..\include\win32\MemoryDeviceContext.h">
      <Filter>Source Files\win32</Filter>
    </ClInclude>
    <ClInclude Include="..\include\win32\MenuItem.h">
      <Filter>Source Files\win32</Filter>
    </ClInclude>
    <ClInclude Include="..\include\win32\ModalWindow.h">
      <Filter>Source Files\win32</Filter>
    </ClInclude>
    <ClInclude Include="..\include\win32\Rect.h">
      <Filter>Source Files\win32</Filter>
    </ClInclude>
    <ClInclude Include="..\include\win32\RichTextEdit.h">
      <Filter>Source Files\win32</Filter>
    </ClInclude>
    <ClInclude Include="..\include\win32\ScrollBar.h">
      <Filter>Source Files\win32</Filter>
    </ClInclude>
    <ClInclude Include="..\include\win32\Splitter.h">
      <Filter>Source Files\win32</Filter>
    </ClInclude>
    <ClInclude Include="..\include\win32\Static.h">
      <Filter>Source Files\win32</Filter>
    </ClInclude>
    <ClInclude Include="..\include\win32\StatusBar.h">
      <Filter>Source Files\win32</Filter>
    </ClInclude>
    <ClInclude Include="..\include\win32\Tab.h">
      <Filter>Source Files\win32</Filter>
    </ClInclude>
    <ClInclude Include="..\include\win32\TaskBarList.h">
      <Filter>Source Files\win32</Filter>
    </ClInclude>
    <ClInclude Include="..\include\win32\ToolBar.h">
      <Filter>Source Files\win32</Filter>
    </ClInclude>
    <ClInclude Include="..\include\win32\ToolTip.h">
      <Filter>Source Files\win32</Filter>
    </ClInclude>
    <ClInclude Include="..\include\win32\TrayIcon.h">
      <Filter>Source Files\win32</Filter>
    </ClInclude>
    <ClInclude Include="..\include\win32\TrayIconServer.h">
      <Filter>Source Files\win32</Filter>
    </ClInclude>
    <ClInclude Include="..\include\win32\TreeView.h">
      <Filter>Source Files\win32</Filter>
    </ClInclude>
    <ClInclude Include="..\include\win32\VerticalSplitter.h">
      <Filter>Source Files\win32</Filter>
    </ClInclude>
    <ClInclude Include="..\include\win32\Window.h">
      <Filter>Source Files\win32</Filter>
    </ClInclude>
    <ClInclude Include="..\include\layout\FlatLayout.h">
      <Filter>Source Files\layout</Filter>
    </ClInclude>
    <ClInclude Include="..\include\layout\GridLayout.h">
      <Filter>Source Files\layout</Filter>
    </ClInclude>
    <ClInclude Include="..\include\layout\HorizontalLayout.h">
      <Filter>Source Files\layout</Filter>
    </ClInclude>
    <ClInclude Include="..\include\layout\LayoutBase.h">
      <Filter>Source Files\layout</Filter>
    </ClInclude>
    <ClInclude Include="..\include\layout\LayoutBaseItem.h">
      <Filter>Source Files\layout</Filter>
    </ClInclude>
    <ClInclude Include="..\include\layout\LayoutEngine.h">
      <Filter>Source Files\layout</Filter>
    </ClInclude>
    <ClInclude Include="..\include\layout\LayoutObject.h">
      <Filter>Source Files\layout</Filter>
    </ClInclude>
    <ClInclude Include="..\include\layout\LayoutStretch.h">
      <Filter>Source Files\layout</Filter>
    </ClInclude>
    <ClInclude Include="..\include\layout\VerticalLayout.h">
      <Filter>Source Files\layout</Filter>
    </ClInclude>
    <ClInclude Include="..\include\xml\FilteringNodeIterator.h">
      <Filter>Source Files\xml</Filter>
    </ClInclude>
    <ClInclude Include="..\include\xml\Node.h">
      <Filter>Source Files\xml</Filter>
    </ClInclude>
    <ClInclude Include="..\include\xml\Parser.h">
      <Filter>Source Files\xml</Filter>
    </ClInclude>
    <ClInclude Include="..\include\xml\Utils.h">
      <Filter>Source Files\xml</Filter>
    </ClInclude>
    <ClInclude Include="..\include\xml\Writer.h">
      <Filter>Source Files\xml</Filter>
    </ClInclude>
    <ClInclude Include="..\include\zip\ZipArchiveReader.h">
      <Filter>Source Files\zip</Filter>
    </ClInclude>
    <ClInclude Include="..\include\zip\ZipArchiveWriter.h">
      <Filter>Source Files\zip</Filter>
    </ClInclude>
    <ClInclude Include="..\include\zip\ZipDeflateStream.h">
      <Filter>Source Files\zip</Filter>
    </ClInclude>
    <ClInclude Include="..\include\zip\ZipDefs.h">
      <Filter>Source Files\zip</Filter>
    </ClInclude>
    <ClInclude Include="..\include\zip\ZipFile.h">
      <Filter>Source Files\zip</Filter>
    </ClInclude>
    <ClInclude Include="..\include\zip\ZipInflateStream.h">
      <Filter>Source Files\zip</Filter>
    </ClInclude>
    <ClInclude Include="..\include\zip\ZipStoreStream.h">
      <Filter>Source Files\zip</Filter>
    </ClInclude>
    <ClInclude Include="..\include\mpeg2\CodedBlockPatternTable.h">
      <Filter>Source Files\mpeg2</Filter>
    </ClInclude>
    <ClInclude Include="..\include\mpeg2\DcSizeChrominanceTable.h">
      <Filter>Source Files\mpeg2</Filter>
    </ClInclude>
    <ClInclude Include="..\include\mpeg2\DcSizeLuminanceTable.h">
      <Filter>Source Files\mpeg2</Filter>
    </ClInclude>
    <ClInclude Include="..\include\mpeg2\DctCoefficientTable.h">
      <Filter>Source Files\mpeg2</Filter>
    </ClInclude>
    <ClInclude Include="..\include\mpeg2\DctCoefficientTable0.h">
      <Filter>Source Files\mpeg2</Filter>
    </ClInclude>
    <ClInclude Include="..\include\mpeg2\DctCoefficientTable1.h">
      <Filter>Source Files\mpeg2</Filter>
    </ClInclude>
    <ClInclude Include="..\include\mpeg2\InverseScanTable.h">
      <Filter>Source Files\mpeg2</Filter>
    </ClInclude>
    <ClInclude Include="..\include\mpeg2\MacroblockAddressIncrementTable.h">
      <Filter>Source Files\mpeg2</Filter>
    </ClInclude>
    <ClInclude Include="..\include\mpeg2\MacroblockTypeBTable.h">
      <Filter>Source Files\mpeg2</Filter>
    </ClInclude>
    <ClInclude Include="..\include\mpeg2\MacroblockTypeITable.h">
      <Filter>Source Files\mpeg2</Filter>
    </ClInclude>
    <ClInclude Include="..\include\mpeg2\MacroblockTypePTable.h">
      <Filter>Source Files\mpeg2</Filter>
    </ClInclude>
    <ClInclude Include="..\include\mpeg2\MotionCodeTable.h">
      <Filter>Source Files\mpeg2</Filter>
    </ClInclude>
    <ClInclude Include="..\include\mpeg2\QuantiserScaleTable.h">
      <Filter>Source Files\mpeg2</Filter>
    </ClInclude>
    <ClInclude Include="..\include\mpeg2\VLCTable.h">
      <Filter>Source Files\mpeg2</Filter>
    </ClInclude>
    <ClInclude Include="..\include\idct\IEEE1180.h">
      <Filter>Source Files\idct</Filter>
    </ClInclude>
    <ClInclude Include="..\include\idct\Interface.h">
      <Filter>Source Files\idct</Filter>
    </ClInclude>
    <ClInclude Include="..\include\idct\TrivialC.h">
      <Filter>Source Files\idct</Filter>
    </ClInclude>
    <ClInclude Include="..\include\LzAri.h">
      <Filter>Source Files</Filter>
    </ClInclude>
    <ClInclude Include="..\include\ThreadPool.h">
      <Filter>Source Files</Filter>
    </ClInclude>
    <ClInclude Include="..\include\bitmap\Bitmap.h">
      <Filter>Source Files\bitmap</Filter>
    </ClInclude>
    <ClInclude Include="..\include\bitmap\BMP.h">
      <Filter>Source Files\bitmap</Filter>
    </ClInclude>
    <ClInclude Include="..\include\bitmap\JPEG.h">
      <Filter>Source Files\bitmap</Filter>
    </ClInclude>
    <ClInclude Include="..\include\bitmap\PNG.h">
      <Filter>Source Files\bitmap</Filter>
    </ClInclude>
    <ClInclude Include="..\include\make_unique.h">
      <Filter>Source Files</Filter>
    </ClInclude>
    <ClInclude Include="..\include\string_format.h">
      <Filter>Source Files</Filter>
    </ClInclude>
    <ClInclude Include="..\include\win32\DefaultWndClass.h">
      <Filter>Source Files\win32</Filter>
    </ClInclude>
    <ClInclude Include="..\include\win32\Win32Defs.h">
      <Filter>Source Files\win32</Filter>
    </ClInclude>
    <ClInclude Include="..\include\win32\ActiveXHost.h">
      <Filter>Source Files\win32</Filter>
    </ClInclude>
    <ClInclude Include="..\include\win32\WebBrowser.h">
      <Filter>Source Files\win32</Filter>
    </ClInclude>
    <ClInclude Include="..\include\win32\ComPtr.h">
      <Filter>Source Files\win32</Filter>
    </ClInclude>
    <ClInclude Include="..\include\bitmap\TGA.h">
      <Filter>Source Files\bitmap</Filter>
    </ClInclude>
    <ClInclude Include="..\include\win32\Progress.h">
      <Filter>Source Files\win32</Filter>
    </ClInclude>
    <ClInclude Include="..\include\LockFreeQueue.h">
      <Filter>Source Files</Filter>
    </ClInclude>
    <ClInclude Include="..\include\win32\ComStreamAdapter.h">
      <Filter>Source Files\win32</Filter>
    </ClInclude>
    <ClInclude Include="..\include\win32\DpiUtils.h">
      <Filter>Source Files\win32</Filter>
    </ClInclude>
    <ClInclude Include="..\include\win32\PropertyGrid.h">
      <Filter>Source Files\win32</Filter>
    </ClInclude>
    <ClInclude Include="..\include\win32\PropertyGridEdit.h">
      <Filter>Source Files\win32</Filter>
    </ClInclude>
    <ClInclude Include="..\include\win32\PropertyGridListBox.h">
      <Filter>Source Files\win32</Filter>
    </ClInclude>
    <ClInclude Include="..\include\math\MathDef.h">
      <Filter>Source Files\math</Filter>
    </ClInclude>
    <ClInclude Include="..\include\math\MathOps.h">
      <Filter>Source Files\math</Filter>
    </ClInclude>
    <ClInclude Include="..\include\math\MathStringUtils.h">
      <Filter>Source Files\math</Filter>
    </ClInclude>
    <ClInclude Include="..\include\math\Matrix4.h">
      <Filter>Source Files\math</Filter>
    </ClInclude>
    <ClInclude Include="..\include\math\Plane.h">
      <Filter>Source Files\math</Filter>
    </ClInclude>
    <ClInclude Include="..\include\math\Quaternion.h">
      <Filter>Source Files\math</Filter>
    </ClInclude>
    <ClInclude Include="..\include\math\Ray.h">
      <Filter>Source Files\math</Filter>
    </ClInclude>
    <ClInclude Include="..\include\math\Sphere.h">
      <Filter>Source Files\math</Filter>
    </ClInclude>
    <ClInclude Include="..\include\math\Vector2.h">
      <Filter>Source Files\math</Filter>
    </ClInclude>
    <ClInclude Include="..\include\math\Vector3.h">
      <Filter>Source Files\math</Filter>
    </ClInclude>
    <ClInclude Include="..\include\math\Vector4.h">
      <Filter>Source Files\math</Filter>
    </ClInclude>
  </ItemGroup>
  <ItemGroup>
    <None Include="packages.config" />
  </ItemGroup>
</Project>