<?xml version="1.0" encoding="utf-8"?>
<Project ToolsVersion="4.0" xmlns="http://schemas.microsoft.com/developer/msbuild/2003">
  <ItemGroup>
    <Filter Include="Resource Files">
      <UniqueIdentifier>{67DA6AB6-F800-4c08-8B7A-83BB121AAD01}</UniqueIdentifier>
      <Extensions>rc;ico;cur;bmp;dlg;rc2;rct;bin;rgs;gif;jpg;jpeg;jpe;resx;tiff;tif;png;wav;mfcribbon-ms</Extensions>
    </Filter>
    <Filter Include="xml">
      <UniqueIdentifier>{2c530e55-9225-4976-982a-9138898d7767}</UniqueIdentifier>
    </Filter>
    <Filter Include="zip">
      <UniqueIdentifier>{daba67d7-8277-439f-ae3a-3e1b66a20e88}</UniqueIdentifier>
    </Filter>
    <Filter Include="winrt">
      <UniqueIdentifier>{f778e6bd-9bc3-4cf2-9e3a-eda1f5c26b49}</UniqueIdentifier>
    </Filter>
  </ItemGroup>
  <ItemGroup>
    <ClCompile Include="pch.cpp" />
    <ClCompile Include="..\src\Base64.cpp" />
    <ClCompile Include="..\src\BitStream.cpp" />
    <ClCompile Include="..\src\Config.cpp" />
    <ClCompile Include="..\src\Endian.cpp" />
    <ClCompile Include="..\src\GZipStream.cpp" />
    <ClCompile Include="..\src\IosIStream.cpp" />
    <ClCompile Include="..\src\IosOStream.cpp" />
    <ClCompile Include="..\src\LzAri.cpp" />
    <ClCompile Include="..\src\MemStream.cpp" />
    <ClCompile Include="..\src\PathUtils.cpp" />
    <ClCompile Include="..\src\PtrStream.cpp" />
    <ClCompile Include="..\src\StdStream.cpp" />
    <ClCompile Include="..\src\Stream.cpp" />
    <ClCompile Include="..\src\StreamBitStream.cpp" />
    <ClCompile Include="..\src\string_cast.cpp" />
    <ClCompile Include="..\src\string_cast_sjis.cpp" />
    <ClCompile Include="..\src\string_cast_win1252.cpp" />
    <ClCompile Include="..\src\ThreadPool.cpp" />
    <ClCompile Include="..\src\Utf8.cpp" />
    <ClCompile Include="..\src\xml\FilteringNodeIterator.cpp">
      <Filter>xml</Filter>
    </ClCompile>
    <ClCompile Include="..\src\xml\Node.cpp">
      <Filter>xml</Filter>
    </ClCompile>
    <ClCompile Include="..\src\xml\Parser.cpp">
      <Filter>xml</Filter>
    </ClCompile>
    <ClCompile Include="..\src\xml\Utils.cpp">
      <Filter>xml</Filter>
    </ClCompile>
    <ClCompile Include="..\src\xml\Writer.cpp">
      <Filter>xml</Filter>
    </ClCompile>
    <ClCompile Include="..\src\zip\ZipArchiveReader.cpp">
      <Filter>zip</Filter>
    </ClCompile>
    <ClCompile Include="..\src\zip\ZipArchiveWriter.cpp">
      <Filter>zip</Filter>
    </ClCompile>
    <ClCompile Include="..\src\zip\ZipDeflateStream.cpp">
      <Filter>zip</Filter>
    </ClCompile>
    <ClCompile Include="..\src\zip\ZipFile.cpp">
      <Filter>zip</Filter>
    </ClCompile>
    <ClCompile Include="..\src\zip\ZipInflateStream.cpp">
      <Filter>zip</Filter>
    </ClCompile>
    <ClCompile Include="..\src\zip\ZipStoreStream.cpp">
      <Filter>zip</Filter>
    </ClCompile>
    <ClCompile Include="..\src\winrt\StorageFileStream.cpp">
      <Filter>winrt</Filter>
    </ClCompile>
  </ItemGroup>
  <ItemGroup>
    <ClInclude Include="pch.h" />
    <ClInclude Include="targetver.h" />
    <ClInclude Include="..\include\alloca_def.h" />
    <ClInclude Include="..\include\Base64.h" />
    <ClInclude Include="..\include\BasicUnion.h" />
    <ClInclude Include="..\include\BitStream.h" />
    <ClInclude Include="..\include\Config.h" />
    <ClInclude Include="..\include\Convertible.h" />
    <ClInclude Include="..\include\countof.h" />
    <ClInclude Include="..\include\Endian.h" />
    <ClInclude Include="..\include\GZipStream.h" />
    <ClInclude Include="..\include\IosIStream.h" />
    <ClInclude Include="..\include\IosOStream.h" />
    <ClInclude Include="..\include\lexical_cast_ex.h" />
    <ClInclude Include="..\include\LzAri.h" />
    <ClInclude Include="..\include\MemStream.h" />
    <ClInclude Include="..\include\ObjCMemberFunctionPointer.h" />
    <ClInclude Include="..\include\offsetof_def.h" />
    <ClInclude Include="..\include\PathUtils.h" />
    <ClInclude Include="..\include\placeholder_def.h" />
    <ClInclude Include="..\include\PtrMacro.h" />
    <ClInclude Include="..\include\PtrStream.h" />
    <ClInclude Include="..\include\Singleton.h" />
    <ClInclude Include="..\include\StdStream.h" />
    <ClInclude Include="..\include\StdStreamUtils.h" />
    <ClInclude Include="..\include\Stream.h" />
    <ClInclude Include="..\include\StreamBitStream.h" />
    <ClInclude Include="..\include\stricmp.h" />
    <ClInclude Include="..\include\string_cast.h" />
    <ClInclude Include="..\include\string_cast_sjis.h" />
    <ClInclude Include="..\include\string_cast_win1252.h" />
    <ClInclude Include="..\include\tcharx.h" />
    <ClInclude Include="..\include\ThreadPool.h" />
    <ClInclude Include="..\include\Types.h" />
    <ClInclude Include="..\include\Utf8.h" />
    <ClInclude Include="..\include\xml\FilteringNodeIterator.h">
      <Filter>xml</Filter>
    </ClInclude>
    <ClInclude Include="..\include\xml\Node.h">
      <Filter>xml</Filter>
    </ClInclude>
    <ClInclude Include="..\include\xml\Parser.h">
      <Filter>xml</Filter>
    </ClInclude>
    <ClInclude Include="..\include\xml\Utils.h">
      <Filter>xml</Filter>
    </ClInclude>
    <ClInclude Include="..\include\xml\Writer.h">
      <Filter>xml</Filter>
    </ClInclude>
    <ClInclude Include="..\include\zip\ZipArchiveReader.h">
      <Filter>zip</Filter>
    </ClInclude>
    <ClInclude Include="..\include\zip\ZipArchiveWriter.h">
      <Filter>zip</Filter>
    </ClInclude>
    <ClInclude Include="..\include\zip\ZipDeflateStream.h">
      <Filter>zip</Filter>
    </ClInclude>
    <ClInclude Include="..\include\zip\ZipDefs.h">
      <Filter>zip</Filter>
    </ClInclude>
    <ClInclude Include="..\include\zip\ZipFile.h">
      <Filter>zip</Filter>
    </ClInclude>
    <ClInclude Include="..\include\zip\ZipInflateStream.h">
      <Filter>zip</Filter>
    </ClInclude>
    <ClInclude Include="..\include\zip\ZipStoreStream.h">
      <Filter>zip</Filter>
    </ClInclude>
    <ClInclude Include="..\include\winrt\StorageFileStream.h">
      <Filter>winrt</Filter>
    </ClInclude>
    <ClInclude Include="..\include\boost_filesystem_def.h" />
  </ItemGroup>
</Project>